// !$*UTF8*$!
{
	archiveVersion = 1;
	classes = {
	};
	objectVersion = 46;
	objects = {

/* Begin PBXBuildFile section */
		0E5EEA20C1A6448011E81E17 /* Pods_HarborTouch_InventoryUITests.framework in Frameworks */ = {isa = PBXBuildFile; fileRef = E44FF8186C506F98D0D523CF /* Pods_HarborTouch_InventoryUITests.framework */; };
		251C17EF9D9BD09A98C56E53 /* Pods_HarborTouch_Inventory.framework in Frameworks */ = {isa = PBXBuildFile; fileRef = 775D6A8CB628093EABC43DB9 /* Pods_HarborTouch_Inventory.framework */; };
		BF2247301D350B740094EE99 /* MenuViewController.swift in Sources */ = {isa = PBXBuildFile; fileRef = BF22472F1D350B740094EE99 /* MenuViewController.swift */; };
		BF22473A1D351BC50094EE99 /* UINavigationBarStyle.swift in Sources */ = {isa = PBXBuildFile; fileRef = BF2247391D351BC50094EE99 /* UINavigationBarStyle.swift */; };
		BF22473D1D36524C0094EE99 /* StoreSetupViewController.swift in Sources */ = {isa = PBXBuildFile; fileRef = BF22473C1D36524C0094EE99 /* StoreSetupViewController.swift */; };
		BF2247421D3678FE0094EE99 /* BaseViewController.swift in Sources */ = {isa = PBXBuildFile; fileRef = BF2247411D3678FE0094EE99 /* BaseViewController.swift */; };
		BF22474B1D3779480094EE99 /* LogoutButton.swift in Sources */ = {isa = PBXBuildFile; fileRef = BF22474A1D3779480094EE99 /* LogoutButton.swift */; };
		BF22474D1D377FE20094EE99 /* BackButton.swift in Sources */ = {isa = PBXBuildFile; fileRef = BF22474C1D377FE20094EE99 /* BackButton.swift */; };
		BF22474F1D3782CF0094EE99 /* QuestionButton.swift in Sources */ = {isa = PBXBuildFile; fileRef = BF22474E1D3782CF0094EE99 /* QuestionButton.swift */; };
		BF2247591D38EBC30094EE99 /* StoreData.swift in Sources */ = {isa = PBXBuildFile; fileRef = BF2247581D38EBC30094EE99 /* StoreData.swift */; };
		BF22475F1D39391B0094EE99 /* StoreCell.swift in Sources */ = {isa = PBXBuildFile; fileRef = BF22475D1D39354D0094EE99 /* StoreCell.swift */; };
		BF2247651D3CD6B40094EE99 /* UISwitchStyle.swift in Sources */ = {isa = PBXBuildFile; fileRef = BF2247641D3CD6B40094EE99 /* UISwitchStyle.swift */; };
		BF2247671D3CEFEB0094EE99 /* UITableViewStyle.swift in Sources */ = {isa = PBXBuildFile; fileRef = BF2247661D3CEFEB0094EE99 /* UITableViewStyle.swift */; };
		BF2247861D3E1F970094EE99 /* Constants.swift in Sources */ = {isa = PBXBuildFile; fileRef = BF2247851D3E1F970094EE99 /* Constants.swift */; };
		BF2247891D3E256E0094EE99 /* DepartmentViewController.swift in Sources */ = {isa = PBXBuildFile; fileRef = BF2247881D3E256E0094EE99 /* DepartmentViewController.swift */; };
		BF22478C1D3E42300094EE99 /* DetailsDepartmentController.swift in Sources */ = {isa = PBXBuildFile; fileRef = BF22478B1D3E42300094EE99 /* DetailsDepartmentController.swift */; };
		BF22478E1D3E44A00094EE99 /* ChoiceButton.swift in Sources */ = {isa = PBXBuildFile; fileRef = BF22478D1D3E44A00094EE99 /* ChoiceButton.swift */; };
		BF3E989E1D3F8A0900F2C1AF /* RequestModal.swift in Sources */ = {isa = PBXBuildFile; fileRef = BF3E989D1D3F8A0800F2C1AF /* RequestModal.swift */; };
		BF3E98A21D3FB71F00F2C1AF /* DepartmentCell.swift in Sources */ = {isa = PBXBuildFile; fileRef = BF3E98A11D3FB71F00F2C1AF /* DepartmentCell.swift */; };
		BF3E98A41D41130700F2C1AF /* InputCell.swift in Sources */ = {isa = PBXBuildFile; fileRef = BF3E98A31D41130700F2C1AF /* InputCell.swift */; };
		BF3E98A71D45E36D00F2C1AF /* OneResultViewController.swift in Sources */ = {isa = PBXBuildFile; fileRef = BF3E98A61D45E36D00F2C1AF /* OneResultViewController.swift */; };
		BF3E98A91D464F7900F2C1AF /* BaseTableController.swift in Sources */ = {isa = PBXBuildFile; fileRef = BF3E98A81D464F7900F2C1AF /* BaseTableController.swift */; };
		BFA98C081D2D481100F0E9FA /* AppDelegate.swift in Sources */ = {isa = PBXBuildFile; fileRef = BFA98C071D2D481100F0E9FA /* AppDelegate.swift */; };
		BFA98C0D1D2D481100F0E9FA /* Main.storyboard in Resources */ = {isa = PBXBuildFile; fileRef = BFA98C0B1D2D481100F0E9FA /* Main.storyboard */; };
		BFA98C0F1D2D481100F0E9FA /* Assets.xcassets in Resources */ = {isa = PBXBuildFile; fileRef = BFA98C0E1D2D481100F0E9FA /* Assets.xcassets */; };
		BFA98C121D2D481100F0E9FA /* LaunchScreen.storyboard in Resources */ = {isa = PBXBuildFile; fileRef = BFA98C101D2D481100F0E9FA /* LaunchScreen.storyboard */; };
		BFF029781D2FB7A600961EC7 /* LoginViewController.swift in Sources */ = {isa = PBXBuildFile; fileRef = BFF029771D2FB7A600961EC7 /* LoginViewController.swift */; };
		D72ABB1E8C696197F938B281 /* Pods_HarborTouch_InventoryTests.framework in Frameworks */ = {isa = PBXBuildFile; fileRef = CDEDFE7EDD96C6F5E8D93613 /* Pods_HarborTouch_InventoryTests.framework */; };
/* End PBXBuildFile section */

/* Begin PBXContainerItemProxy section */
		BFA98C191D2D481100F0E9FA /* PBXContainerItemProxy */ = {
			isa = PBXContainerItemProxy;
			containerPortal = BFA98BFC1D2D481100F0E9FA /* Project object */;
			proxyType = 1;
			remoteGlobalIDString = BFA98C031D2D481100F0E9FA;
			remoteInfo = "HarborTouch Inventory";
		};
		BFA98C241D2D481100F0E9FA /* PBXContainerItemProxy */ = {
			isa = PBXContainerItemProxy;
			containerPortal = BFA98BFC1D2D481100F0E9FA /* Project object */;
			proxyType = 1;
			remoteGlobalIDString = BFA98C031D2D481100F0E9FA;
			remoteInfo = "HarborTouch Inventory";
		};
/* End PBXContainerItemProxy section */

/* Begin PBXFileReference section */
		4A190F94102146C52CB75DC9 /* Pods-HarborTouch InventoryTests.debug.xcconfig */ = {isa = PBXFileReference; includeInIndex = 1; lastKnownFileType = text.xcconfig; name = "Pods-HarborTouch InventoryTests.debug.xcconfig"; path = "Pods/Target Support Files/Pods-HarborTouch InventoryTests/Pods-HarborTouch InventoryTests.debug.xcconfig"; sourceTree = "<group>"; };
		53DD34136500BE0F6E595C6D /* Pods-HarborTouch InventoryTests.release.xcconfig */ = {isa = PBXFileReference; includeInIndex = 1; lastKnownFileType = text.xcconfig; name = "Pods-HarborTouch InventoryTests.release.xcconfig"; path = "Pods/Target Support Files/Pods-HarborTouch InventoryTests/Pods-HarborTouch InventoryTests.release.xcconfig"; sourceTree = "<group>"; };
		69B47F0808133FAA0F4BF12C /* Pods-HarborTouch Inventory.release.xcconfig */ = {isa = PBXFileReference; includeInIndex = 1; lastKnownFileType = text.xcconfig; name = "Pods-HarborTouch Inventory.release.xcconfig"; path = "Pods/Target Support Files/Pods-HarborTouch Inventory/Pods-HarborTouch Inventory.release.xcconfig"; sourceTree = "<group>"; };
		775D6A8CB628093EABC43DB9 /* Pods_HarborTouch_Inventory.framework */ = {isa = PBXFileReference; explicitFileType = wrapper.framework; includeInIndex = 0; path = Pods_HarborTouch_Inventory.framework; sourceTree = BUILT_PRODUCTS_DIR; };
		B84BA683A850B86EB6409E11 /* Pods-HarborTouch InventoryUITests.release.xcconfig */ = {isa = PBXFileReference; includeInIndex = 1; lastKnownFileType = text.xcconfig; name = "Pods-HarborTouch InventoryUITests.release.xcconfig"; path = "Pods/Target Support Files/Pods-HarborTouch InventoryUITests/Pods-HarborTouch InventoryUITests.release.xcconfig"; sourceTree = "<group>"; };
		BF22472F1D350B740094EE99 /* MenuViewController.swift */ = {isa = PBXFileReference; fileEncoding = 4; lastKnownFileType = sourcecode.swift; path = MenuViewController.swift; sourceTree = "<group>"; };
		BF2247391D351BC50094EE99 /* UINavigationBarStyle.swift */ = {isa = PBXFileReference; fileEncoding = 4; lastKnownFileType = sourcecode.swift; path = UINavigationBarStyle.swift; sourceTree = "<group>"; };
		BF22473C1D36524C0094EE99 /* StoreSetupViewController.swift */ = {isa = PBXFileReference; fileEncoding = 4; lastKnownFileType = sourcecode.swift; path = StoreSetupViewController.swift; sourceTree = "<group>"; };
		BF2247411D3678FE0094EE99 /* BaseViewController.swift */ = {isa = PBXFileReference; fileEncoding = 4; lastKnownFileType = sourcecode.swift; path = BaseViewController.swift; sourceTree = "<group>"; };
		BF22474A1D3779480094EE99 /* LogoutButton.swift */ = {isa = PBXFileReference; fileEncoding = 4; lastKnownFileType = sourcecode.swift; path = LogoutButton.swift; sourceTree = "<group>"; };
		BF22474C1D377FE20094EE99 /* BackButton.swift */ = {isa = PBXFileReference; fileEncoding = 4; lastKnownFileType = sourcecode.swift; path = BackButton.swift; sourceTree = "<group>"; };
		BF22474E1D3782CF0094EE99 /* QuestionButton.swift */ = {isa = PBXFileReference; fileEncoding = 4; lastKnownFileType = sourcecode.swift; path = QuestionButton.swift; sourceTree = "<group>"; };
		BF2247581D38EBC30094EE99 /* StoreData.swift */ = {isa = PBXFileReference; fileEncoding = 4; lastKnownFileType = sourcecode.swift; path = StoreData.swift; sourceTree = "<group>"; };
		BF22475D1D39354D0094EE99 /* StoreCell.swift */ = {isa = PBXFileReference; fileEncoding = 4; lastKnownFileType = sourcecode.swift; path = StoreCell.swift; sourceTree = "<group>"; };
		BF2247641D3CD6B40094EE99 /* UISwitchStyle.swift */ = {isa = PBXFileReference; fileEncoding = 4; lastKnownFileType = sourcecode.swift; path = UISwitchStyle.swift; sourceTree = "<group>"; };
		BF2247661D3CEFEB0094EE99 /* UITableViewStyle.swift */ = {isa = PBXFileReference; fileEncoding = 4; lastKnownFileType = sourcecode.swift; path = UITableViewStyle.swift; sourceTree = "<group>"; };
		BF2247851D3E1F970094EE99 /* Constants.swift */ = {isa = PBXFileReference; fileEncoding = 4; lastKnownFileType = sourcecode.swift; path = Constants.swift; sourceTree = "<group>"; };
		BF2247881D3E256E0094EE99 /* DepartmentViewController.swift */ = {isa = PBXFileReference; fileEncoding = 4; lastKnownFileType = sourcecode.swift; path = DepartmentViewController.swift; sourceTree = "<group>"; };
		BF22478B1D3E42300094EE99 /* DetailsDepartmentController.swift */ = {isa = PBXFileReference; fileEncoding = 4; lastKnownFileType = sourcecode.swift; path = DetailsDepartmentController.swift; sourceTree = "<group>"; };
		BF22478D1D3E44A00094EE99 /* ChoiceButton.swift */ = {isa = PBXFileReference; fileEncoding = 4; lastKnownFileType = sourcecode.swift; path = ChoiceButton.swift; sourceTree = "<group>"; };
		BF3E989D1D3F8A0800F2C1AF /* RequestModal.swift */ = {isa = PBXFileReference; fileEncoding = 4; lastKnownFileType = sourcecode.swift; path = RequestModal.swift; sourceTree = "<group>"; };
		BF3E98A11D3FB71F00F2C1AF /* DepartmentCell.swift */ = {isa = PBXFileReference; fileEncoding = 4; lastKnownFileType = sourcecode.swift; path = DepartmentCell.swift; sourceTree = "<group>"; };
		BF3E98A31D41130700F2C1AF /* InputCell.swift */ = {isa = PBXFileReference; fileEncoding = 4; lastKnownFileType = sourcecode.swift; path = InputCell.swift; sourceTree = "<group>"; };
		BF3E98A61D45E36D00F2C1AF /* OneResultViewController.swift */ = {isa = PBXFileReference; fileEncoding = 4; lastKnownFileType = sourcecode.swift; path = OneResultViewController.swift; sourceTree = "<group>"; };
		BF3E98A81D464F7900F2C1AF /* BaseTableController.swift */ = {isa = PBXFileReference; fileEncoding = 4; lastKnownFileType = sourcecode.swift; path = BaseTableController.swift; sourceTree = "<group>"; };
		BFA98C041D2D481100F0E9FA /* HarborTouch Inventory.app */ = {isa = PBXFileReference; explicitFileType = wrapper.application; includeInIndex = 0; path = "HarborTouch Inventory.app"; sourceTree = BUILT_PRODUCTS_DIR; };
		BFA98C071D2D481100F0E9FA /* AppDelegate.swift */ = {isa = PBXFileReference; lastKnownFileType = sourcecode.swift; path = AppDelegate.swift; sourceTree = "<group>"; };
		BFA98C0C1D2D481100F0E9FA /* Base */ = {isa = PBXFileReference; lastKnownFileType = file.storyboard; name = Base; path = Base.lproj/Main.storyboard; sourceTree = "<group>"; };
		BFA98C0E1D2D481100F0E9FA /* Assets.xcassets */ = {isa = PBXFileReference; lastKnownFileType = folder.assetcatalog; path = Assets.xcassets; sourceTree = "<group>"; };
		BFA98C111D2D481100F0E9FA /* Base */ = {isa = PBXFileReference; lastKnownFileType = file.storyboard; name = Base; path = Base.lproj/LaunchScreen.storyboard; sourceTree = "<group>"; };
		BFA98C131D2D481100F0E9FA /* Info.plist */ = {isa = PBXFileReference; lastKnownFileType = text.plist.xml; path = Info.plist; sourceTree = "<group>"; };
		BFA98C181D2D481100F0E9FA /* HarborTouch InventoryTests.xctest */ = {isa = PBXFileReference; explicitFileType = wrapper.cfbundle; includeInIndex = 0; path = "HarborTouch InventoryTests.xctest"; sourceTree = BUILT_PRODUCTS_DIR; };
		BFA98C231D2D481100F0E9FA /* HarborTouch InventoryUITests.xctest */ = {isa = PBXFileReference; explicitFileType = wrapper.cfbundle; includeInIndex = 0; path = "HarborTouch InventoryUITests.xctest"; sourceTree = BUILT_PRODUCTS_DIR; };
		BFF029771D2FB7A600961EC7 /* LoginViewController.swift */ = {isa = PBXFileReference; fileEncoding = 4; lastKnownFileType = sourcecode.swift; path = LoginViewController.swift; sourceTree = "<group>"; };
		CDEDFE7EDD96C6F5E8D93613 /* Pods_HarborTouch_InventoryTests.framework */ = {isa = PBXFileReference; explicitFileType = wrapper.framework; includeInIndex = 0; path = Pods_HarborTouch_InventoryTests.framework; sourceTree = BUILT_PRODUCTS_DIR; };
		E3CFCB64551B85EA93B08156 /* Pods-HarborTouch InventoryUITests.debug.xcconfig */ = {isa = PBXFileReference; includeInIndex = 1; lastKnownFileType = text.xcconfig; name = "Pods-HarborTouch InventoryUITests.debug.xcconfig"; path = "Pods/Target Support Files/Pods-HarborTouch InventoryUITests/Pods-HarborTouch InventoryUITests.debug.xcconfig"; sourceTree = "<group>"; };
		E44FF8186C506F98D0D523CF /* Pods_HarborTouch_InventoryUITests.framework */ = {isa = PBXFileReference; explicitFileType = wrapper.framework; includeInIndex = 0; path = Pods_HarborTouch_InventoryUITests.framework; sourceTree = BUILT_PRODUCTS_DIR; };
		EFA1D1D67EB4EBFF618E18C0 /* Pods-HarborTouch Inventory.debug.xcconfig */ = {isa = PBXFileReference; includeInIndex = 1; lastKnownFileType = text.xcconfig; name = "Pods-HarborTouch Inventory.debug.xcconfig"; path = "Pods/Target Support Files/Pods-HarborTouch Inventory/Pods-HarborTouch Inventory.debug.xcconfig"; sourceTree = "<group>"; };
/* End PBXFileReference section */

/* Begin PBXFrameworksBuildPhase section */
		BFA98C011D2D481100F0E9FA /* Frameworks */ = {
			isa = PBXFrameworksBuildPhase;
			buildActionMask = 2147483647;
			files = (
				251C17EF9D9BD09A98C56E53 /* Pods_HarborTouch_Inventory.framework in Frameworks */,
			);
			runOnlyForDeploymentPostprocessing = 0;
		};
		BFA98C151D2D481100F0E9FA /* Frameworks */ = {
			isa = PBXFrameworksBuildPhase;
			buildActionMask = 2147483647;
			files = (
				D72ABB1E8C696197F938B281 /* Pods_HarborTouch_InventoryTests.framework in Frameworks */,
			);
			runOnlyForDeploymentPostprocessing = 0;
		};
		BFA98C201D2D481100F0E9FA /* Frameworks */ = {
			isa = PBXFrameworksBuildPhase;
			buildActionMask = 2147483647;
			files = (
				0E5EEA20C1A6448011E81E17 /* Pods_HarborTouch_InventoryUITests.framework in Frameworks */,
			);
			runOnlyForDeploymentPostprocessing = 0;
		};
/* End PBXFrameworksBuildPhase section */

/* Begin PBXGroup section */
		4643C799B939B17CEF5B5EE3 /* Pods */ = {
			isa = PBXGroup;
			children = (
				EFA1D1D67EB4EBFF618E18C0 /* Pods-HarborTouch Inventory.debug.xcconfig */,
				69B47F0808133FAA0F4BF12C /* Pods-HarborTouch Inventory.release.xcconfig */,
				4A190F94102146C52CB75DC9 /* Pods-HarborTouch InventoryTests.debug.xcconfig */,
				53DD34136500BE0F6E595C6D /* Pods-HarborTouch InventoryTests.release.xcconfig */,
				E3CFCB64551B85EA93B08156 /* Pods-HarborTouch InventoryUITests.debug.xcconfig */,
				B84BA683A850B86EB6409E11 /* Pods-HarborTouch InventoryUITests.release.xcconfig */,
			);
			name = Pods;
			sourceTree = "<group>";
		};
		8D7820BD9939ECC759C86F89 /* Frameworks */ = {
			isa = PBXGroup;
			children = (
				775D6A8CB628093EABC43DB9 /* Pods_HarborTouch_Inventory.framework */,
				CDEDFE7EDD96C6F5E8D93613 /* Pods_HarborTouch_InventoryTests.framework */,
				E44FF8186C506F98D0D523CF /* Pods_HarborTouch_InventoryUITests.framework */,
			);
			name = Frameworks;
			sourceTree = "<group>";
		};
		BF22472E1D350B600094EE99 /* MenuScreen */ = {
			isa = PBXGroup;
			children = (
				BF22472F1D350B740094EE99 /* MenuViewController.swift */,
			);
			name = MenuScreen;
			sourceTree = "<group>";
		};
		BF2247371D351A7E0094EE99 /* Model */ = {
			isa = PBXGroup;
			children = (
				BF2247581D38EBC30094EE99 /* StoreData.swift */,
				BF3E989D1D3F8A0800F2C1AF /* RequestModal.swift */,
			);
			name = Model;
			sourceTree = "<group>";
		};
		BF2247381D351A860094EE99 /* Extension */ = {
			isa = PBXGroup;
			children = (
				BF2247391D351BC50094EE99 /* UINavigationBarStyle.swift */,
				BF2247641D3CD6B40094EE99 /* UISwitchStyle.swift */,
				BF2247661D3CEFEB0094EE99 /* UITableViewStyle.swift */,
			);
			name = Extension;
			sourceTree = "<group>";
		};
		BF22473B1D3652240094EE99 /* StoreSetupScreen */ = {
			isa = PBXGroup;
			children = (
				BF22473C1D36524C0094EE99 /* StoreSetupViewController.swift */,
			);
			name = StoreSetupScreen;
			sourceTree = "<group>";
		};
		BF2247401D3678D20094EE99 /* Base */ = {
			isa = PBXGroup;
			children = (
				BF2247411D3678FE0094EE99 /* BaseViewController.swift */,
				BF3E98A81D464F7900F2C1AF /* BaseTableController.swift */,
			);
			name = Base;
			sourceTree = "<group>";
		};
		BF2247431D3679260094EE99 /* View */ = {
			isa = PBXGroup;
			children = (
				BF2247381D351A860094EE99 /* Extension */,
				BF2247451D36929E0094EE99 /* Button */,
				BF2247441D3692720094EE99 /* Cell */,
			);
			name = View;
			sourceTree = "<group>";
		};
		BF2247441D3692720094EE99 /* Cell */ = {
			isa = PBXGroup;
			children = (
				BF22475D1D39354D0094EE99 /* StoreCell.swift */,
				BF3E98A11D3FB71F00F2C1AF /* DepartmentCell.swift */,
				BF3E98A31D41130700F2C1AF /* InputCell.swift */,
			);
			name = Cell;
			sourceTree = "<group>";
		};
		BF2247451D36929E0094EE99 /* Button */ = {
			isa = PBXGroup;
			children = (
				BF22474A1D3779480094EE99 /* LogoutButton.swift */,
				BF22474C1D377FE20094EE99 /* BackButton.swift */,
				BF22474E1D3782CF0094EE99 /* QuestionButton.swift */,
				BF22478D1D3E44A00094EE99 /* ChoiceButton.swift */,
			);
			name = Button;
			sourceTree = "<group>";
		};
		BF2247871D3E252E0094EE99 /* DepartmentScreen */ = {
			isa = PBXGroup;
			children = (
				BF2247881D3E256E0094EE99 /* DepartmentViewController.swift */,
			);
			name = DepartmentScreen;
			sourceTree = "<group>";
		};
		BF22478A1D3E41FC0094EE99 /* DetailsDepartmentScreen */ = {
			isa = PBXGroup;
			children = (
				BF22478B1D3E42300094EE99 /* DetailsDepartmentController.swift */,
			);
			name = DetailsDepartmentScreen;
			sourceTree = "<group>";
		};
		BF3E98A51D45E33200F2C1AF /* OneResultScreen */ = {
			isa = PBXGroup;
			children = (
				BF3E98A61D45E36D00F2C1AF /* OneResultViewController.swift */,
			);
			name = OneResultScreen;
			sourceTree = "<group>";
		};
		BFA98BFB1D2D481100F0E9FA = {
			isa = PBXGroup;
			children = (
				BFA98C061D2D481100F0E9FA /* HarborTouch Inventory */,
				BFA98C051D2D481100F0E9FA /* Products */,
				4643C799B939B17CEF5B5EE3 /* Pods */,
				8D7820BD9939ECC759C86F89 /* Frameworks */,
			);
			sourceTree = "<group>";
		};
		BFA98C051D2D481100F0E9FA /* Products */ = {
			isa = PBXGroup;
			children = (
				BFA98C041D2D481100F0E9FA /* HarborTouch Inventory.app */,
				BFA98C181D2D481100F0E9FA /* HarborTouch InventoryTests.xctest */,
				BFA98C231D2D481100F0E9FA /* HarborTouch InventoryUITests.xctest */,
			);
			name = Products;
			sourceTree = "<group>";
		};
		BFA98C061D2D481100F0E9FA /* HarborTouch Inventory */ = {
			isa = PBXGroup;
			children = (
				BF2247431D3679260094EE99 /* View */,
				BF2247371D351A7E0094EE99 /* Model */,
				BFCCB0081D33B78F00D7BB9E /* Controller */,
				BFA98C071D2D481100F0E9FA /* AppDelegate.swift */,
				BF2247851D3E1F970094EE99 /* Constants.swift */,
				BFA98C0B1D2D481100F0E9FA /* Main.storyboard */,
				BFA98C0E1D2D481100F0E9FA /* Assets.xcassets */,
				BFA98C101D2D481100F0E9FA /* LaunchScreen.storyboard */,
				BFA98C131D2D481100F0E9FA /* Info.plist */,
			);
			path = "HarborTouch Inventory";
			sourceTree = "<group>";
		};
		BFCCB0031D33953900D7BB9E /* LoginScreen */ = {
			isa = PBXGroup;
			children = (
				BFF029771D2FB7A600961EC7 /* LoginViewController.swift */,
			);
			name = LoginScreen;
			sourceTree = "<group>";
		};
		BFCCB0081D33B78F00D7BB9E /* Controller */ = {
			isa = PBXGroup;
			children = (
				BF3E98A51D45E33200F2C1AF /* OneResultScreen */,
				BF22478A1D3E41FC0094EE99 /* DetailsDepartmentScreen */,
				BF2247871D3E252E0094EE99 /* DepartmentScreen */,
				BF2247401D3678D20094EE99 /* Base */,
				BF22473B1D3652240094EE99 /* StoreSetupScreen */,
				BF22472E1D350B600094EE99 /* MenuScreen */,
				BFCCB0031D33953900D7BB9E /* LoginScreen */,
			);
			name = Controller;
			sourceTree = "<group>";
		};
/* End PBXGroup section */

/* Begin PBXNativeTarget section */
		BFA98C031D2D481100F0E9FA /* HarborTouch Inventory */ = {
			isa = PBXNativeTarget;
			buildConfigurationList = BFA98C2C1D2D481100F0E9FA /* Build configuration list for PBXNativeTarget "HarborTouch Inventory" */;
			buildPhases = (
				0EB1AB15CD64443272F85746 /* [CP] Check Pods Manifest.lock */,
				BFA98C001D2D481100F0E9FA /* Sources */,
				BFA98C011D2D481100F0E9FA /* Frameworks */,
				BFA98C021D2D481100F0E9FA /* Resources */,
				36376DAB034C5C41FFE1C83A /* [CP] Embed Pods Frameworks */,
				D5A3AEC63CDEF49BBA2FE4DE /* [CP] Copy Pods Resources */,
			);
			buildRules = (
			);
			dependencies = (
			);
			name = "HarborTouch Inventory";
			productName = "HarborTouch Inventory";
			productReference = BFA98C041D2D481100F0E9FA /* HarborTouch Inventory.app */;
			productType = "com.apple.product-type.application";
		};
		BFA98C171D2D481100F0E9FA /* HarborTouch InventoryTests */ = {
			isa = PBXNativeTarget;
			buildConfigurationList = BFA98C2F1D2D481100F0E9FA /* Build configuration list for PBXNativeTarget "HarborTouch InventoryTests" */;
			buildPhases = (
				3F40D63E0F53443C36535438 /* [CP] Check Pods Manifest.lock */,
				BFA98C141D2D481100F0E9FA /* Sources */,
				BFA98C151D2D481100F0E9FA /* Frameworks */,
				BFA98C161D2D481100F0E9FA /* Resources */,
				7CC1A5BCAD16B3BB548DA5AE /* [CP] Embed Pods Frameworks */,
				0D83DCF0F5D3B2AF31F46796 /* [CP] Copy Pods Resources */,
			);
			buildRules = (
			);
			dependencies = (
				BFA98C1A1D2D481100F0E9FA /* PBXTargetDependency */,
			);
			name = "HarborTouch InventoryTests";
			productName = "HarborTouch InventoryTests";
			productReference = BFA98C181D2D481100F0E9FA /* HarborTouch InventoryTests.xctest */;
			productType = "com.apple.product-type.bundle.unit-test";
		};
		BFA98C221D2D481100F0E9FA /* HarborTouch InventoryUITests */ = {
			isa = PBXNativeTarget;
			buildConfigurationList = BFA98C321D2D481100F0E9FA /* Build configuration list for PBXNativeTarget "HarborTouch InventoryUITests" */;
			buildPhases = (
				5F21D9C63CDE233B955E79B9 /* [CP] Check Pods Manifest.lock */,
				BFA98C1F1D2D481100F0E9FA /* Sources */,
				BFA98C201D2D481100F0E9FA /* Frameworks */,
				BFA98C211D2D481100F0E9FA /* Resources */,
				2BF94F36E72AA058A4D3497B /* [CP] Copy Pods Resources */,
			);
			buildRules = (
			);
			dependencies = (
				BFA98C251D2D481100F0E9FA /* PBXTargetDependency */,
			);
			name = "HarborTouch InventoryUITests";
			productName = "HarborTouch InventoryUITests";
			productReference = BFA98C231D2D481100F0E9FA /* HarborTouch InventoryUITests.xctest */;
			productType = "com.apple.product-type.bundle.ui-testing";
		};
/* End PBXNativeTarget section */

/* Begin PBXProject section */
		BFA98BFC1D2D481100F0E9FA /* Project object */ = {
			isa = PBXProject;
			attributes = {
				LastSwiftUpdateCheck = 0730;
				LastUpgradeCheck = 0730;
				ORGANIZATIONNAME = "Bazyleva, Olga";
				TargetAttributes = {
					BFA98C031D2D481100F0E9FA = {
						CreatedOnToolsVersion = 7.3.1;
					};
					BFA98C171D2D481100F0E9FA = {
						CreatedOnToolsVersion = 7.3.1;
						TestTargetID = BFA98C031D2D481100F0E9FA;
					};
					BFA98C221D2D481100F0E9FA = {
						CreatedOnToolsVersion = 7.3.1;
						TestTargetID = BFA98C031D2D481100F0E9FA;
					};
				};
			};
			buildConfigurationList = BFA98BFF1D2D481100F0E9FA /* Build configuration list for PBXProject "HarborTouch Inventory" */;
			compatibilityVersion = "Xcode 3.2";
			developmentRegion = English;
			hasScannedForEncodings = 0;
			knownRegions = (
				en,
				Base,
			);
			mainGroup = BFA98BFB1D2D481100F0E9FA;
			productRefGroup = BFA98C051D2D481100F0E9FA /* Products */;
			projectDirPath = "";
			projectRoot = "";
			targets = (
				BFA98C031D2D481100F0E9FA /* HarborTouch Inventory */,
				BFA98C171D2D481100F0E9FA /* HarborTouch InventoryTests */,
				BFA98C221D2D481100F0E9FA /* HarborTouch InventoryUITests */,
			);
		};
/* End PBXProject section */

/* Begin PBXResourcesBuildPhase section */
		BFA98C021D2D481100F0E9FA /* Resources */ = {
			isa = PBXResourcesBuildPhase;
			buildActionMask = 2147483647;
			files = (
				BFA98C121D2D481100F0E9FA /* LaunchScreen.storyboard in Resources */,
				BFA98C0F1D2D481100F0E9FA /* Assets.xcassets in Resources */,
				BFA98C0D1D2D481100F0E9FA /* Main.storyboard in Resources */,
			);
			runOnlyForDeploymentPostprocessing = 0;
		};
		BFA98C161D2D481100F0E9FA /* Resources */ = {
			isa = PBXResourcesBuildPhase;
			buildActionMask = 2147483647;
			files = (
			);
			runOnlyForDeploymentPostprocessing = 0;
		};
		BFA98C211D2D481100F0E9FA /* Resources */ = {
			isa = PBXResourcesBuildPhase;
			buildActionMask = 2147483647;
			files = (
			);
			runOnlyForDeploymentPostprocessing = 0;
		};
/* End PBXResourcesBuildPhase section */

/* Begin PBXShellScriptBuildPhase section */
		0D83DCF0F5D3B2AF31F46796 /* [CP] Copy Pods Resources */ = {
			isa = PBXShellScriptBuildPhase;
			buildActionMask = 2147483647;
			files = (
			);
			inputPaths = (
			);
			name = "[CP] Copy Pods Resources";
			outputPaths = (
			);
			runOnlyForDeploymentPostprocessing = 0;
			shellPath = /bin/sh;
			shellScript = "\"${SRCROOT}/Pods/Target Support Files/Pods-HarborTouch InventoryTests/Pods-HarborTouch InventoryTests-resources.sh\"\n";
			showEnvVarsInLog = 0;
		};
		0EB1AB15CD64443272F85746 /* [CP] Check Pods Manifest.lock */ = {
			isa = PBXShellScriptBuildPhase;
			buildActionMask = 2147483647;
			files = (
			);
			inputPaths = (
			);
			name = "[CP] Check Pods Manifest.lock";
			outputPaths = (
			);
			runOnlyForDeploymentPostprocessing = 0;
			shellPath = /bin/sh;
			shellScript = "diff \"${PODS_ROOT}/../Podfile.lock\" \"${PODS_ROOT}/Manifest.lock\" > /dev/null\nif [[ $? != 0 ]] ; then\n    cat << EOM\nerror: The sandbox is not in sync with the Podfile.lock. Run 'pod install' or update your CocoaPods installation.\nEOM\n    exit 1\nfi\n";
			showEnvVarsInLog = 0;
		};
		2BF94F36E72AA058A4D3497B /* [CP] Copy Pods Resources */ = {
			isa = PBXShellScriptBuildPhase;
			buildActionMask = 2147483647;
			files = (
			);
			inputPaths = (
			);
			name = "[CP] Copy Pods Resources";
			outputPaths = (
			);
			runOnlyForDeploymentPostprocessing = 0;
			shellPath = /bin/sh;
			shellScript = "\"${SRCROOT}/Pods/Target Support Files/Pods-HarborTouch InventoryUITests/Pods-HarborTouch InventoryUITests-resources.sh\"\n";
			showEnvVarsInLog = 0;
		};
		36376DAB034C5C41FFE1C83A /* [CP] Embed Pods Frameworks */ = {
			isa = PBXShellScriptBuildPhase;
			buildActionMask = 2147483647;
			files = (
			);
			inputPaths = (
			);
			name = "[CP] Embed Pods Frameworks";
			outputPaths = (
			);
			runOnlyForDeploymentPostprocessing = 0;
			shellPath = /bin/sh;
			shellScript = "\"${SRCROOT}/Pods/Target Support Files/Pods-HarborTouch Inventory/Pods-HarborTouch Inventory-frameworks.sh\"\n";
			showEnvVarsInLog = 0;
		};
		3F40D63E0F53443C36535438 /* [CP] Check Pods Manifest.lock */ = {
			isa = PBXShellScriptBuildPhase;
			buildActionMask = 2147483647;
			files = (
			);
			inputPaths = (
			);
			name = "[CP] Check Pods Manifest.lock";
			outputPaths = (
			);
			runOnlyForDeploymentPostprocessing = 0;
			shellPath = /bin/sh;
			shellScript = "diff \"${PODS_ROOT}/../Podfile.lock\" \"${PODS_ROOT}/Manifest.lock\" > /dev/null\nif [[ $? != 0 ]] ; then\n    cat << EOM\nerror: The sandbox is not in sync with the Podfile.lock. Run 'pod install' or update your CocoaPods installation.\nEOM\n    exit 1\nfi\n";
			showEnvVarsInLog = 0;
		};
		5F21D9C63CDE233B955E79B9 /* [CP] Check Pods Manifest.lock */ = {
			isa = PBXShellScriptBuildPhase;
			buildActionMask = 2147483647;
			files = (
			);
			inputPaths = (
			);
			name = "[CP] Check Pods Manifest.lock";
			outputPaths = (
			);
			runOnlyForDeploymentPostprocessing = 0;
			shellPath = /bin/sh;
			shellScript = "diff \"${PODS_ROOT}/../Podfile.lock\" \"${PODS_ROOT}/Manifest.lock\" > /dev/null\nif [[ $? != 0 ]] ; then\n    cat << EOM\nerror: The sandbox is not in sync with the Podfile.lock. Run 'pod install' or update your CocoaPods installation.\nEOM\n    exit 1\nfi\n";
			showEnvVarsInLog = 0;
		};
		7CC1A5BCAD16B3BB548DA5AE /* [CP] Embed Pods Frameworks */ = {
			isa = PBXShellScriptBuildPhase;
			buildActionMask = 2147483647;
			files = (
			);
			inputPaths = (
			);
			name = "[CP] Embed Pods Frameworks";
			outputPaths = (
			);
			runOnlyForDeploymentPostprocessing = 0;
			shellPath = /bin/sh;
			shellScript = "\"${SRCROOT}/Pods/Target Support Files/Pods-HarborTouch InventoryTests/Pods-HarborTouch InventoryTests-frameworks.sh\"\n";
			showEnvVarsInLog = 0;
		};
		D5A3AEC63CDEF49BBA2FE4DE /* [CP] Copy Pods Resources */ = {
			isa = PBXShellScriptBuildPhase;
			buildActionMask = 2147483647;
			files = (
			);
			inputPaths = (
			);
			name = "[CP] Copy Pods Resources";
			outputPaths = (
			);
			runOnlyForDeploymentPostprocessing = 0;
			shellPath = /bin/sh;
			shellScript = "\"${SRCROOT}/Pods/Target Support Files/Pods-HarborTouch Inventory/Pods-HarborTouch Inventory-resources.sh\"\n";
			showEnvVarsInLog = 0;
		};
/* End PBXShellScriptBuildPhase section */

/* Begin PBXSourcesBuildPhase section */
		BFA98C001D2D481100F0E9FA /* Sources */ = {
			isa = PBXSourcesBuildPhase;
			buildActionMask = 2147483647;
			files = (
				BF2247891D3E256E0094EE99 /* DepartmentViewController.swift in Sources */,
				BF22475F1D39391B0094EE99 /* StoreCell.swift in Sources */,
				BFF029781D2FB7A600961EC7 /* LoginViewController.swift in Sources */,
				BF22473A1D351BC50094EE99 /* UINavigationBarStyle.swift in Sources */,
				BF2247301D350B740094EE99 /* MenuViewController.swift in Sources */,
				BF3E98A71D45E36D00F2C1AF /* OneResultViewController.swift in Sources */,
				BF22474B1D3779480094EE99 /* LogoutButton.swift in Sources */,
				BF22474F1D3782CF0094EE99 /* QuestionButton.swift in Sources */,
				BF22474D1D377FE20094EE99 /* BackButton.swift in Sources */,
				BF2247651D3CD6B40094EE99 /* UISwitchStyle.swift in Sources */,
				BF2247671D3CEFEB0094EE99 /* UITableViewStyle.swift in Sources */,
				BF3E98A41D41130700F2C1AF /* InputCell.swift in Sources */,
				BF22473D1D36524C0094EE99 /* StoreSetupViewController.swift in Sources */,
				BF22478E1D3E44A00094EE99 /* ChoiceButton.swift in Sources */,
				BF2247591D38EBC30094EE99 /* StoreData.swift in Sources */,
				BF2247861D3E1F970094EE99 /* Constants.swift in Sources */,
				BF2247421D3678FE0094EE99 /* BaseViewController.swift in Sources */,
				BF22478C1D3E42300094EE99 /* DetailsDepartmentController.swift in Sources */,
				BFA98C081D2D481100F0E9FA /* AppDelegate.swift in Sources */,
				BF3E98A91D464F7900F2C1AF /* BaseTableController.swift in Sources */,
				BF3E989E1D3F8A0900F2C1AF /* RequestModal.swift in Sources */,
				BF3E98A21D3FB71F00F2C1AF /* DepartmentCell.swift in Sources */,
			);
			runOnlyForDeploymentPostprocessing = 0;
		};
		BFA98C141D2D481100F0E9FA /* Sources */ = {
			isa = PBXSourcesBuildPhase;
			buildActionMask = 2147483647;
			files = (
			);
			runOnlyForDeploymentPostprocessing = 0;
		};
		BFA98C1F1D2D481100F0E9FA /* Sources */ = {
			isa = PBXSourcesBuildPhase;
			buildActionMask = 2147483647;
			files = (
			);
			runOnlyForDeploymentPostprocessing = 0;
		};
/* End PBXSourcesBuildPhase section */

/* Begin PBXTargetDependency section */
		BFA98C1A1D2D481100F0E9FA /* PBXTargetDependency */ = {
			isa = PBXTargetDependency;
			target = BFA98C031D2D481100F0E9FA /* HarborTouch Inventory */;
			targetProxy = BFA98C191D2D481100F0E9FA /* PBXContainerItemProxy */;
		};
		BFA98C251D2D481100F0E9FA /* PBXTargetDependency */ = {
			isa = PBXTargetDependency;
			target = BFA98C031D2D481100F0E9FA /* HarborTouch Inventory */;
			targetProxy = BFA98C241D2D481100F0E9FA /* PBXContainerItemProxy */;
		};
/* End PBXTargetDependency section */

/* Begin PBXVariantGroup section */
		BFA98C0B1D2D481100F0E9FA /* Main.storyboard */ = {
			isa = PBXVariantGroup;
			children = (
				BFA98C0C1D2D481100F0E9FA /* Base */,
			);
			name = Main.storyboard;
			sourceTree = "<group>";
		};
		BFA98C101D2D481100F0E9FA /* LaunchScreen.storyboard */ = {
			isa = PBXVariantGroup;
			children = (
				BFA98C111D2D481100F0E9FA /* Base */,
			);
			name = LaunchScreen.storyboard;
			sourceTree = "<group>";
		};
/* End PBXVariantGroup section */

/* Begin XCBuildConfiguration section */
		BFA98C2A1D2D481100F0E9FA /* Debug */ = {
			isa = XCBuildConfiguration;
			buildSettings = {
				ALWAYS_SEARCH_USER_PATHS = NO;
				CLANG_ANALYZER_NONNULL = YES;
				CLANG_CXX_LANGUAGE_STANDARD = "gnu++0x";
				CLANG_CXX_LIBRARY = "libc++";
				CLANG_ENABLE_MODULES = YES;
				CLANG_ENABLE_OBJC_ARC = YES;
				CLANG_WARN_BOOL_CONVERSION = YES;
				CLANG_WARN_CONSTANT_CONVERSION = YES;
				CLANG_WARN_DIRECT_OBJC_ISA_USAGE = YES_ERROR;
				CLANG_WARN_EMPTY_BODY = YES;
				CLANG_WARN_ENUM_CONVERSION = YES;
				CLANG_WARN_INT_CONVERSION = YES;
				CLANG_WARN_OBJC_ROOT_CLASS = YES_ERROR;
				CLANG_WARN_UNREACHABLE_CODE = YES;
				CLANG_WARN__DUPLICATE_METHOD_MATCH = YES;
				"CODE_SIGN_IDENTITY[sdk=iphoneos*]" = "iPhone Developer";
				COPY_PHASE_STRIP = NO;
				DEBUG_INFORMATION_FORMAT = dwarf;
				ENABLE_STRICT_OBJC_MSGSEND = YES;
				ENABLE_TESTABILITY = YES;
				GCC_C_LANGUAGE_STANDARD = gnu99;
				GCC_DYNAMIC_NO_PIC = NO;
				GCC_NO_COMMON_BLOCKS = YES;
				GCC_OPTIMIZATION_LEVEL = 0;
				GCC_PREPROCESSOR_DEFINITIONS = (
					"DEBUG=1",
					"$(inherited)",
				);
				GCC_WARN_64_TO_32_BIT_CONVERSION = YES;
				GCC_WARN_ABOUT_RETURN_TYPE = YES_ERROR;
				GCC_WARN_UNDECLARED_SELECTOR = YES;
				GCC_WARN_UNINITIALIZED_AUTOS = YES_AGGRESSIVE;
				GCC_WARN_UNUSED_FUNCTION = YES;
				GCC_WARN_UNUSED_VARIABLE = YES;
				IPHONEOS_DEPLOYMENT_TARGET = 9.3;
				MTL_ENABLE_DEBUG_INFO = YES;
				ONLY_ACTIVE_ARCH = YES;
				SDKROOT = iphoneos;
				SWIFT_OPTIMIZATION_LEVEL = "-Onone";
				TARGETED_DEVICE_FAMILY = "1,2";
			};
			name = Debug;
		};
		BFA98C2B1D2D481100F0E9FA /* Release */ = {
			isa = XCBuildConfiguration;
			buildSettings = {
				ALWAYS_SEARCH_USER_PATHS = NO;
				CLANG_ANALYZER_NONNULL = YES;
				CLANG_CXX_LANGUAGE_STANDARD = "gnu++0x";
				CLANG_CXX_LIBRARY = "libc++";
				CLANG_ENABLE_MODULES = YES;
				CLANG_ENABLE_OBJC_ARC = YES;
				CLANG_WARN_BOOL_CONVERSION = YES;
				CLANG_WARN_CONSTANT_CONVERSION = YES;
				CLANG_WARN_DIRECT_OBJC_ISA_USAGE = YES_ERROR;
				CLANG_WARN_EMPTY_BODY = YES;
				CLANG_WARN_ENUM_CONVERSION = YES;
				CLANG_WARN_INT_CONVERSION = YES;
				CLANG_WARN_OBJC_ROOT_CLASS = YES_ERROR;
				CLANG_WARN_UNREACHABLE_CODE = YES;
				CLANG_WARN__DUPLICATE_METHOD_MATCH = YES;
				"CODE_SIGN_IDENTITY[sdk=iphoneos*]" = "iPhone Developer";
				COPY_PHASE_STRIP = NO;
				DEBUG_INFORMATION_FORMAT = "dwarf-with-dsym";
				ENABLE_NS_ASSERTIONS = NO;
				ENABLE_STRICT_OBJC_MSGSEND = YES;
				GCC_C_LANGUAGE_STANDARD = gnu99;
				GCC_NO_COMMON_BLOCKS = YES;
				GCC_WARN_64_TO_32_BIT_CONVERSION = YES;
				GCC_WARN_ABOUT_RETURN_TYPE = YES_ERROR;
				GCC_WARN_UNDECLARED_SELECTOR = YES;
				GCC_WARN_UNINITIALIZED_AUTOS = YES_AGGRESSIVE;
				GCC_WARN_UNUSED_FUNCTION = YES;
				GCC_WARN_UNUSED_VARIABLE = YES;
				IPHONEOS_DEPLOYMENT_TARGET = 9.3;
				MTL_ENABLE_DEBUG_INFO = NO;
				SDKROOT = iphoneos;
				TARGETED_DEVICE_FAMILY = "1,2";
				VALIDATE_PRODUCT = YES;
			};
			name = Release;
		};
		BFA98C2D1D2D481100F0E9FA /* Debug */ = {
			isa = XCBuildConfiguration;
			baseConfigurationReference = EFA1D1D67EB4EBFF618E18C0 /* Pods-HarborTouch Inventory.debug.xcconfig */;
			buildSettings = {
				ASSETCATALOG_COMPILER_APPICON_NAME = AppIcon;
				INFOPLIST_FILE = "HarborTouch Inventory/Info.plist";
				LD_RUNPATH_SEARCH_PATHS = "$(inherited) @executable_path/Frameworks";
				PRODUCT_BUNDLE_IDENTIFIER = "i.HarborTouch-Inventory";
				PRODUCT_NAME = "$(TARGET_NAME)";
			};
			name = Debug;
		};
		BFA98C2E1D2D481100F0E9FA /* Release */ = {
			isa = XCBuildConfiguration;
			baseConfigurationReference = 69B47F0808133FAA0F4BF12C /* Pods-HarborTouch Inventory.release.xcconfig */;
			buildSettings = {
				ASSETCATALOG_COMPILER_APPICON_NAME = AppIcon;
				INFOPLIST_FILE = "HarborTouch Inventory/Info.plist";
				LD_RUNPATH_SEARCH_PATHS = "$(inherited) @executable_path/Frameworks";
				PRODUCT_BUNDLE_IDENTIFIER = "i.HarborTouch-Inventory";
				PRODUCT_NAME = "$(TARGET_NAME)";
			};
			name = Release;
		};
		BFA98C301D2D481100F0E9FA /* Debug */ = {
			isa = XCBuildConfiguration;
			baseConfigurationReference = 4A190F94102146C52CB75DC9 /* Pods-HarborTouch InventoryTests.debug.xcconfig */;
			buildSettings = {
				BUNDLE_LOADER = "$(TEST_HOST)";
				INFOPLIST_FILE = "HarborTouch InventoryTests/Info.plist";
				LD_RUNPATH_SEARCH_PATHS = "$(inherited) @executable_path/Frameworks @loader_path/Frameworks";
				PRODUCT_BUNDLE_IDENTIFIER = "i.HarborTouch-InventoryTests";
				PRODUCT_NAME = "$(TARGET_NAME)";
				TEST_HOST = "$(BUILT_PRODUCTS_DIR)/HarborTouch Inventory.app/HarborTouch Inventory";
			};
			name = Debug;
		};
		BFA98C311D2D481100F0E9FA /* Release */ = {
			isa = XCBuildConfiguration;
			baseConfigurationReference = 53DD34136500BE0F6E595C6D /* Pods-HarborTouch InventoryTests.release.xcconfig */;
			buildSettings = {
				BUNDLE_LOADER = "$(TEST_HOST)";
				INFOPLIST_FILE = "HarborTouch InventoryTests/Info.plist";
				LD_RUNPATH_SEARCH_PATHS = "$(inherited) @executable_path/Frameworks @loader_path/Frameworks";
				PRODUCT_BUNDLE_IDENTIFIER = "i.HarborTouch-InventoryTests";
				PRODUCT_NAME = "$(TARGET_NAME)";
				TEST_HOST = "$(BUILT_PRODUCTS_DIR)/HarborTouch Inventory.app/HarborTouch Inventory";
			};
			name = Release;
		};
		BFA98C331D2D481100F0E9FA /* Debug */ = {
			isa = XCBuildConfiguration;
			baseConfigurationReference = E3CFCB64551B85EA93B08156 /* Pods-HarborTouch InventoryUITests.debug.xcconfig */;
			buildSettings = {
				INFOPLIST_FILE = "HarborTouch InventoryUITests/Info.plist";
				LD_RUNPATH_SEARCH_PATHS = "$(inherited) @executable_path/Frameworks @loader_path/Frameworks";
				PRODUCT_BUNDLE_IDENTIFIER = "i.HarborTouch-InventoryUITests";
				PRODUCT_NAME = "$(TARGET_NAME)";
				TEST_TARGET_NAME = "HarborTouch Inventory";
			};
			name = Debug;
		};
		BFA98C341D2D481100F0E9FA /* Release */ = {
			isa = XCBuildConfiguration;
			baseConfigurationReference = B84BA683A850B86EB6409E11 /* Pods-HarborTouch InventoryUITests.release.xcconfig */;
			buildSettings = {
				INFOPLIST_FILE = "HarborTouch InventoryUITests/Info.plist";
				LD_RUNPATH_SEARCH_PATHS = "$(inherited) @executable_path/Frameworks @loader_path/Frameworks";
				PRODUCT_BUNDLE_IDENTIFIER = "i.HarborTouch-InventoryUITests";
				PRODUCT_NAME = "$(TARGET_NAME)";
				TEST_TARGET_NAME = "HarborTouch Inventory";
			};
			name = Release;
		};
/* End XCBuildConfiguration section */

/* Begin XCConfigurationList section */
		BFA98BFF1D2D481100F0E9FA /* Build configuration list for PBXProject "HarborTouch Inventory" */ = {
			isa = XCConfigurationList;
			buildConfigurations = (
				BFA98C2A1D2D481100F0E9FA /* Debug */,
				BFA98C2B1D2D481100F0E9FA /* Release */,
			);
			defaultConfigurationIsVisible = 0;
			defaultConfigurationName = Release;
		};
		BFA98C2C1D2D481100F0E9FA /* Build configuration list for PBXNativeTarget "HarborTouch Inventory" */ = {
			isa = XCConfigurationList;
			buildConfigurations = (
				BFA98C2D1D2D481100F0E9FA /* Debug */,
				BFA98C2E1D2D481100F0E9FA /* Release */,
			);
			defaultConfigurationIsVisible = 0;
			defaultConfigurationName = Release;
		};
		BFA98C2F1D2D481100F0E9FA /* Build configuration list for PBXNativeTarget "HarborTouch InventoryTests" */ = {
			isa = XCConfigurationList;
			buildConfigurations = (
				BFA98C301D2D481100F0E9FA /* Debug */,
				BFA98C311D2D481100F0E9FA /* Release */,
			);
			defaultConfigurationIsVisible = 0;
			defaultConfigurationName = Release;
		};
		BFA98C321D2D481100F0E9FA /* Build configuration list for PBXNativeTarget "HarborTouch InventoryUITests" */ = {
			isa = XCConfigurationList;
			buildConfigurations = (
				BFA98C331D2D481100F0E9FA /* Debug */,
				BFA98C341D2D481100F0E9FA /* Release */,
			);
			defaultConfigurationIsVisible = 0;
			defaultConfigurationName = Release;
		};
/* End XCConfigurationList section */
	};
	rootObject = BFA98BFC1D2D481100F0E9FA /* Project object */;
}
