// !$*UTF8*$!
{
	archiveVersion = 1;
	classes = {
	};
	objectVersion = 46;
	objects = {

/* Begin PBXBuildFile section */
		251C17EF9D9BD09A98C56E53 /* Pods_HarborTouch_Inventory.framework in Frameworks */ = {isa = PBXBuildFile; fileRef = 775D6A8CB628093EABC43DB9 /* Pods_HarborTouch_Inventory.framework */; };
		BF3E98BC1D48CABE00F2C1AF /* CoreData.framework in Frameworks */ = {isa = PBXBuildFile; fileRef = BF3E98B11D47B47600F2C1AF /* CoreData.framework */; };
		BF5A01391D4F659200A990C8 /* AppDelegate.swift in Sources */ = {isa = PBXBuildFile; fileRef = BF5A010A1D4F659200A990C8 /* AppDelegate.swift */; };
		BF5A01441D4F659200A990C8 /* InventoryEntity.swift in Sources */ = {isa = PBXBuildFile; fileRef = BF5A01181D4F659200A990C8 /* InventoryEntity.swift */; };
		BF5A01451D4F659200A990C8 /* RequestModel.swift in Sources */ = {isa = PBXBuildFile; fileRef = BF5A011A1D4F659200A990C8 /* RequestModel.swift */; };
		BF5A01461D4F659200A990C8 /* CoreDataManager.swift in Sources */ = {isa = PBXBuildFile; fileRef = BF5A011C1D4F659200A990C8 /* CoreDataManager.swift */; };
		BF5A01471D4F659200A990C8 /* InventoryData.swift in Sources */ = {isa = PBXBuildFile; fileRef = BF5A011D1D4F659200A990C8 /* InventoryData.swift */; };
		BF5A01481D4F659200A990C8 /* StoreData.swift in Sources */ = {isa = PBXBuildFile; fileRef = BF5A011E1D4F659200A990C8 /* StoreData.swift */; };
		BF5A01491D4F659200A990C8 /* Assets.xcassets in Resources */ = {isa = PBXBuildFile; fileRef = BF5A01201D4F659200A990C8 /* Assets.xcassets */; };
		BF5A014A1D4F659200A990C8 /* LaunchScreen.storyboard in Resources */ = {isa = PBXBuildFile; fileRef = BF5A01211D4F659200A990C8 /* LaunchScreen.storyboard */; };
		BF5A014B1D4F659200A990C8 /* Main.storyboard in Resources */ = {isa = PBXBuildFile; fileRef = BF5A01231D4F659200A990C8 /* Main.storyboard */; };
		BF5A014C1D4F659200A990C8 /* Constants.swift in Sources */ = {isa = PBXBuildFile; fileRef = BF5A01261D4F659200A990C8 /* Constants.swift */; };
		BF5A014D1D4F659200A990C8 /* HarbourTouch Inventory.xcdatamodeld in Sources */ = {isa = PBXBuildFile; fileRef = BF5A01271D4F659200A990C8 /* HarbourTouch Inventory.xcdatamodeld */; };
		BF5A014F1D4F659200A990C8 /* BackButton.swift in Sources */ = {isa = PBXBuildFile; fileRef = BF5A012C1D4F659200A990C8 /* BackButton.swift */; };
		BF5A01501D4F659200A990C8 /* ChoiceButton.swift in Sources */ = {isa = PBXBuildFile; fileRef = BF5A012D1D4F659200A990C8 /* ChoiceButton.swift */; };
		BF5A01511D4F659200A990C8 /* LogoutButton.swift in Sources */ = {isa = PBXBuildFile; fileRef = BF5A012E1D4F659200A990C8 /* LogoutButton.swift */; };
		BF5A01521D4F659200A990C8 /* QuestionButton.swift in Sources */ = {isa = PBXBuildFile; fileRef = BF5A012F1D4F659200A990C8 /* QuestionButton.swift */; };
		BF5A01531D4F659200A990C8 /* DepartmentCell.swift in Sources */ = {isa = PBXBuildFile; fileRef = BF5A01311D4F659200A990C8 /* DepartmentCell.swift */; };
		BF5A01541D4F659200A990C8 /* InputCell.swift in Sources */ = {isa = PBXBuildFile; fileRef = BF5A01321D4F659200A990C8 /* InputCell.swift */; };
		BF5A01551D4F659200A990C8 /* InventoryCell.swift in Sources */ = {isa = PBXBuildFile; fileRef = BF5A01331D4F659200A990C8 /* InventoryCell.swift */; };
		BF5A01561D4F659200A990C8 /* StoreCell.swift in Sources */ = {isa = PBXBuildFile; fileRef = BF5A01341D4F659200A990C8 /* StoreCell.swift */; };
		BF5A01571D4F659200A990C8 /* UINavigationBarStyle.swift in Sources */ = {isa = PBXBuildFile; fileRef = BF5A01361D4F659200A990C8 /* UINavigationBarStyle.swift */; };
		BF5A01581D4F659200A990C8 /* UISwitchStyle.swift in Sources */ = {isa = PBXBuildFile; fileRef = BF5A01371D4F659200A990C8 /* UISwitchStyle.swift */; };
		BF5A01591D4F659200A990C8 /* UITableViewStyle.swift in Sources */ = {isa = PBXBuildFile; fileRef = BF5A01381D4F659200A990C8 /* UITableViewStyle.swift */; };
		BF5A01711D4F701700A990C8 /* BaseViewController.swift in Sources */ = {isa = PBXBuildFile; fileRef = BF5A01621D4F701700A990C8 /* BaseViewController.swift */; };
		BF5A01721D4F701700A990C8 /* DepartmentViewController.swift in Sources */ = {isa = PBXBuildFile; fileRef = BF5A01641D4F701700A990C8 /* DepartmentViewController.swift */; };
		BF5A01731D4F701700A990C8 /* DetailsViewController.swift in Sources */ = {isa = PBXBuildFile; fileRef = BF5A01651D4F701700A990C8 /* DetailsViewController.swift */; };
		BF5A01741D4F701700A990C8 /* OneResultViewController.swift in Sources */ = {isa = PBXBuildFile; fileRef = BF5A01661D4F701700A990C8 /* OneResultViewController.swift */; };
		BF5A01751D4F701700A990C8 /* SeveralResultsViewController.swift in Sources */ = {isa = PBXBuildFile; fileRef = BF5A01671D4F701700A990C8 /* SeveralResultsViewController.swift */; };
		BF5A01761D4F701700A990C8 /* InventoryDetailsViewController.swift in Sources */ = {isa = PBXBuildFile; fileRef = BF5A01691D4F701700A990C8 /* InventoryDetailsViewController.swift */; };
		BF5A01771D4F701700A990C8 /* InventoryListViewController.swift in Sources */ = {isa = PBXBuildFile; fileRef = BF5A016A1D4F701700A990C8 /* InventoryListViewController.swift */; };
		BF5A01781D4F701700A990C8 /* LoginViewController.swift in Sources */ = {isa = PBXBuildFile; fileRef = BF5A016C1D4F701700A990C8 /* LoginViewController.swift */; };
		BF5A01791D4F701700A990C8 /* MenuViewController.swift in Sources */ = {isa = PBXBuildFile; fileRef = BF5A016E1D4F701700A990C8 /* MenuViewController.swift */; };
		BF5A017A1D4F701700A990C8 /* StoreSetupViewController.swift in Sources */ = {isa = PBXBuildFile; fileRef = BF5A01701D4F701700A990C8 /* StoreSetupViewController.swift */; };
		BF5A017C1D50C99400A990C8 /* InventoryDetailsCell.swift in Sources */ = {isa = PBXBuildFile; fileRef = BF5A017B1D50C99400A990C8 /* InventoryDetailsCell.swift */; };
		BFF8B9F21D51D55500827EF1 /* SourceData.swift in Sources */ = {isa = PBXBuildFile; fileRef = BFF8B9F11D51D55500827EF1 /* SourceData.swift */; };
		BFF8B9F41D535B7600827EF1 /* UIBarButtonItemStyle.swift in Sources */ = {isa = PBXBuildFile; fileRef = BFF8B9F31D535B7600827EF1 /* UIBarButtonItemStyle.swift */; };
		BFF8B9F61D587D2800827EF1 /* AdditionalInventory.swift in Sources */ = {isa = PBXBuildFile; fileRef = BFF8B9F51D587D2800827EF1 /* AdditionalInventory.swift */; };
/* End PBXBuildFile section */

/* Begin PBXContainerItemProxy section */
		BFA98C191D2D481100F0E9FA /* PBXContainerItemProxy */ = {
			isa = PBXContainerItemProxy;
			containerPortal = BFA98BFC1D2D481100F0E9FA /* Project object */;
			proxyType = 1;
			remoteGlobalIDString = BFA98C031D2D481100F0E9FA;
			remoteInfo = "HarborTouch Inventory";
		};
		BFA98C241D2D481100F0E9FA /* PBXContainerItemProxy */ = {
			isa = PBXContainerItemProxy;
			containerPortal = BFA98BFC1D2D481100F0E9FA /* Project object */;
			proxyType = 1;
			remoteGlobalIDString = BFA98C031D2D481100F0E9FA;
			remoteInfo = "HarborTouch Inventory";
		};
/* End PBXContainerItemProxy section */

/* Begin PBXFileReference section */
		4A190F94102146C52CB75DC9 /* Pods-HarborTouch InventoryTests.debug.xcconfig */ = {isa = PBXFileReference; includeInIndex = 1; lastKnownFileType = text.xcconfig; name = "Pods-HarborTouch InventoryTests.debug.xcconfig"; path = "Pods/Target Support Files/Pods-HarborTouch InventoryTests/Pods-HarborTouch InventoryTests.debug.xcconfig"; sourceTree = "<group>"; };
		53DD34136500BE0F6E595C6D /* Pods-HarborTouch InventoryTests.release.xcconfig */ = {isa = PBXFileReference; includeInIndex = 1; lastKnownFileType = text.xcconfig; name = "Pods-HarborTouch InventoryTests.release.xcconfig"; path = "Pods/Target Support Files/Pods-HarborTouch InventoryTests/Pods-HarborTouch InventoryTests.release.xcconfig"; sourceTree = "<group>"; };
		69B47F0808133FAA0F4BF12C /* Pods-HarborTouch Inventory.release.xcconfig */ = {isa = PBXFileReference; includeInIndex = 1; lastKnownFileType = text.xcconfig; name = "Pods-HarborTouch Inventory.release.xcconfig"; path = "Pods/Target Support Files/Pods-HarborTouch Inventory/Pods-HarborTouch Inventory.release.xcconfig"; sourceTree = "<group>"; };
		775D6A8CB628093EABC43DB9 /* Pods_HarborTouch_Inventory.framework */ = {isa = PBXFileReference; explicitFileType = wrapper.framework; includeInIndex = 0; path = Pods_HarborTouch_Inventory.framework; sourceTree = BUILT_PRODUCTS_DIR; };
		B84BA683A850B86EB6409E11 /* Pods-HarborTouch InventoryUITests.release.xcconfig */ = {isa = PBXFileReference; includeInIndex = 1; lastKnownFileType = text.xcconfig; name = "Pods-HarborTouch InventoryUITests.release.xcconfig"; path = "Pods/Target Support Files/Pods-HarborTouch InventoryUITests/Pods-HarborTouch InventoryUITests.release.xcconfig"; sourceTree = "<group>"; };
		BF3E98B11D47B47600F2C1AF /* CoreData.framework */ = {isa = PBXFileReference; lastKnownFileType = wrapper.framework; name = CoreData.framework; path = System/Library/Frameworks/CoreData.framework; sourceTree = SDKROOT; };
		BF5A010A1D4F659200A990C8 /* AppDelegate.swift */ = {isa = PBXFileReference; fileEncoding = 4; lastKnownFileType = sourcecode.swift; path = AppDelegate.swift; sourceTree = "<group>"; };
		BF5A01181D4F659200A990C8 /* InventoryEntity.swift */ = {isa = PBXFileReference; fileEncoding = 4; lastKnownFileType = sourcecode.swift; path = InventoryEntity.swift; sourceTree = "<group>"; };
		BF5A011A1D4F659200A990C8 /* RequestModel.swift */ = {isa = PBXFileReference; fileEncoding = 4; lastKnownFileType = sourcecode.swift; path = RequestModel.swift; sourceTree = "<group>"; };
		BF5A011C1D4F659200A990C8 /* CoreDataManager.swift */ = {isa = PBXFileReference; fileEncoding = 4; lastKnownFileType = sourcecode.swift; path = CoreDataManager.swift; sourceTree = "<group>"; };
		BF5A011D1D4F659200A990C8 /* InventoryData.swift */ = {isa = PBXFileReference; fileEncoding = 4; lastKnownFileType = sourcecode.swift; path = InventoryData.swift; sourceTree = "<group>"; };
		BF5A011E1D4F659200A990C8 /* StoreData.swift */ = {isa = PBXFileReference; fileEncoding = 4; lastKnownFileType = sourcecode.swift; path = StoreData.swift; sourceTree = "<group>"; };
		BF5A01201D4F659200A990C8 /* Assets.xcassets */ = {isa = PBXFileReference; lastKnownFileType = folder.assetcatalog; path = Assets.xcassets; sourceTree = "<group>"; };
		BF5A01221D4F659200A990C8 /* Base */ = {isa = PBXFileReference; lastKnownFileType = file.storyboard; name = Base; path = Base.lproj/LaunchScreen.storyboard; sourceTree = "<group>"; };
		BF5A01241D4F659200A990C8 /* Base */ = {isa = PBXFileReference; lastKnownFileType = file.storyboard; name = Base; path = Base.lproj/Main.storyboard; sourceTree = "<group>"; };
		BF5A01261D4F659200A990C8 /* Constants.swift */ = {isa = PBXFileReference; fileEncoding = 4; lastKnownFileType = sourcecode.swift; path = Constants.swift; sourceTree = "<group>"; };
		BF5A01281D4F659200A990C8 /* HarbourTouch Inventory.xcdatamodel */ = {isa = PBXFileReference; lastKnownFileType = wrapper.xcdatamodel; path = "HarbourTouch Inventory.xcdatamodel"; sourceTree = "<group>"; };
		BF5A01291D4F659200A990C8 /* Info.plist */ = {isa = PBXFileReference; fileEncoding = 4; lastKnownFileType = text.plist.xml; path = Info.plist; sourceTree = "<group>"; };
		BF5A012C1D4F659200A990C8 /* BackButton.swift */ = {isa = PBXFileReference; fileEncoding = 4; lastKnownFileType = sourcecode.swift; path = BackButton.swift; sourceTree = "<group>"; };
		BF5A012D1D4F659200A990C8 /* ChoiceButton.swift */ = {isa = PBXFileReference; fileEncoding = 4; lastKnownFileType = sourcecode.swift; path = ChoiceButton.swift; sourceTree = "<group>"; };
		BF5A012E1D4F659200A990C8 /* LogoutButton.swift */ = {isa = PBXFileReference; fileEncoding = 4; lastKnownFileType = sourcecode.swift; path = LogoutButton.swift; sourceTree = "<group>"; };
		BF5A012F1D4F659200A990C8 /* QuestionButton.swift */ = {isa = PBXFileReference; fileEncoding = 4; lastKnownFileType = sourcecode.swift; path = QuestionButton.swift; sourceTree = "<group>"; };
		BF5A01311D4F659200A990C8 /* DepartmentCell.swift */ = {isa = PBXFileReference; fileEncoding = 4; lastKnownFileType = sourcecode.swift; path = DepartmentCell.swift; sourceTree = "<group>"; };
		BF5A01321D4F659200A990C8 /* InputCell.swift */ = {isa = PBXFileReference; fileEncoding = 4; lastKnownFileType = sourcecode.swift; path = InputCell.swift; sourceTree = "<group>"; };
		BF5A01331D4F659200A990C8 /* InventoryCell.swift */ = {isa = PBXFileReference; fileEncoding = 4; lastKnownFileType = sourcecode.swift; path = InventoryCell.swift; sourceTree = "<group>"; };
		BF5A01341D4F659200A990C8 /* StoreCell.swift */ = {isa = PBXFileReference; fileEncoding = 4; lastKnownFileType = sourcecode.swift; path = StoreCell.swift; sourceTree = "<group>"; };
		BF5A01361D4F659200A990C8 /* UINavigationBarStyle.swift */ = {isa = PBXFileReference; fileEncoding = 4; lastKnownFileType = sourcecode.swift; path = UINavigationBarStyle.swift; sourceTree = "<group>"; };
		BF5A01371D4F659200A990C8 /* UISwitchStyle.swift */ = {isa = PBXFileReference; fileEncoding = 4; lastKnownFileType = sourcecode.swift; path = UISwitchStyle.swift; sourceTree = "<group>"; };
		BF5A01381D4F659200A990C8 /* UITableViewStyle.swift */ = {isa = PBXFileReference; fileEncoding = 4; lastKnownFileType = sourcecode.swift; path = UITableViewStyle.swift; sourceTree = "<group>"; };
		BF5A01621D4F701700A990C8 /* BaseViewController.swift */ = {isa = PBXFileReference; fileEncoding = 4; lastKnownFileType = sourcecode.swift; path = BaseViewController.swift; sourceTree = "<group>"; };
		BF5A01641D4F701700A990C8 /* DepartmentViewController.swift */ = {isa = PBXFileReference; fileEncoding = 4; lastKnownFileType = sourcecode.swift; path = DepartmentViewController.swift; sourceTree = "<group>"; };
		BF5A01651D4F701700A990C8 /* DetailsViewController.swift */ = {isa = PBXFileReference; fileEncoding = 4; lastKnownFileType = sourcecode.swift; path = DetailsViewController.swift; sourceTree = "<group>"; };
		BF5A01661D4F701700A990C8 /* OneResultViewController.swift */ = {isa = PBXFileReference; fileEncoding = 4; lastKnownFileType = sourcecode.swift; path = OneResultViewController.swift; sourceTree = "<group>"; };
		BF5A01671D4F701700A990C8 /* SeveralResultsViewController.swift */ = {isa = PBXFileReference; fileEncoding = 4; lastKnownFileType = sourcecode.swift; path = SeveralResultsViewController.swift; sourceTree = "<group>"; };
		BF5A01691D4F701700A990C8 /* InventoryDetailsViewController.swift */ = {isa = PBXFileReference; fileEncoding = 4; lastKnownFileType = sourcecode.swift; path = InventoryDetailsViewController.swift; sourceTree = "<group>"; };
		BF5A016A1D4F701700A990C8 /* InventoryListViewController.swift */ = {isa = PBXFileReference; fileEncoding = 4; lastKnownFileType = sourcecode.swift; path = InventoryListViewController.swift; sourceTree = "<group>"; };
		BF5A016C1D4F701700A990C8 /* LoginViewController.swift */ = {isa = PBXFileReference; fileEncoding = 4; lastKnownFileType = sourcecode.swift; path = LoginViewController.swift; sourceTree = "<group>"; };
		BF5A016E1D4F701700A990C8 /* MenuViewController.swift */ = {isa = PBXFileReference; fileEncoding = 4; lastKnownFileType = sourcecode.swift; path = MenuViewController.swift; sourceTree = "<group>"; };
		BF5A01701D4F701700A990C8 /* StoreSetupViewController.swift */ = {isa = PBXFileReference; fileEncoding = 4; lastKnownFileType = sourcecode.swift; path = StoreSetupViewController.swift; sourceTree = "<group>"; };
		BF5A017B1D50C99400A990C8 /* InventoryDetailsCell.swift */ = {isa = PBXFileReference; fileEncoding = 4; lastKnownFileType = sourcecode.swift; path = InventoryDetailsCell.swift; sourceTree = "<group>"; };
		BFA98C041D2D481100F0E9FA /* HarborTouch Inventory.app */ = {isa = PBXFileReference; explicitFileType = wrapper.application; includeInIndex = 0; path = "HarborTouch Inventory.app"; sourceTree = BUILT_PRODUCTS_DIR; };
		BFA98C181D2D481100F0E9FA /* HarborTouch InventoryTests.xctest */ = {isa = PBXFileReference; explicitFileType = wrapper.cfbundle; includeInIndex = 0; path = "HarborTouch InventoryTests.xctest"; sourceTree = BUILT_PRODUCTS_DIR; };
		BFA98C231D2D481100F0E9FA /* HarborTouch InventoryUITests.xctest */ = {isa = PBXFileReference; explicitFileType = wrapper.cfbundle; includeInIndex = 0; path = "HarborTouch InventoryUITests.xctest"; sourceTree = BUILT_PRODUCTS_DIR; };
		BFC8DBCB1D48CE4B00DCAF7D /* Alamofire.framework */ = {isa = PBXFileReference; lastKnownFileType = wrapper.framework; name = Alamofire.framework; path = "../../../Library/Developer/Xcode/DerivedData/HarborTouch_Inventory-gllhtxfcebunxfbhsqeenqupmhua/Build/Products/Debug-iphonesimulator/Alamofire/Alamofire.framework"; sourceTree = "<group>"; };
		BFF8B9F11D51D55500827EF1 /* SourceData.swift */ = {isa = PBXFileReference; fileEncoding = 4; lastKnownFileType = sourcecode.swift; path = SourceData.swift; sourceTree = "<group>"; };
		BFF8B9F31D535B7600827EF1 /* UIBarButtonItemStyle.swift */ = {isa = PBXFileReference; fileEncoding = 4; lastKnownFileType = sourcecode.swift; path = UIBarButtonItemStyle.swift; sourceTree = "<group>"; };
		BFF8B9F51D587D2800827EF1 /* AdditionalInventory.swift */ = {isa = PBXFileReference; fileEncoding = 4; lastKnownFileType = sourcecode.swift; path = AdditionalInventory.swift; sourceTree = "<group>"; };
		E3CFCB64551B85EA93B08156 /* Pods-HarborTouch InventoryUITests.debug.xcconfig */ = {isa = PBXFileReference; includeInIndex = 1; lastKnownFileType = text.xcconfig; name = "Pods-HarborTouch InventoryUITests.debug.xcconfig"; path = "Pods/Target Support Files/Pods-HarborTouch InventoryUITests/Pods-HarborTouch InventoryUITests.debug.xcconfig"; sourceTree = "<group>"; };
		EFA1D1D67EB4EBFF618E18C0 /* Pods-HarborTouch Inventory.debug.xcconfig */ = {isa = PBXFileReference; includeInIndex = 1; lastKnownFileType = text.xcconfig; name = "Pods-HarborTouch Inventory.debug.xcconfig"; path = "Pods/Target Support Files/Pods-HarborTouch Inventory/Pods-HarborTouch Inventory.debug.xcconfig"; sourceTree = "<group>"; };
/* End PBXFileReference section */

/* Begin PBXFrameworksBuildPhase section */
		BFA98C011D2D481100F0E9FA /* Frameworks */ = {
			isa = PBXFrameworksBuildPhase;
			buildActionMask = 2147483647;
			files = (
				BF3E98BC1D48CABE00F2C1AF /* CoreData.framework in Frameworks */,
				251C17EF9D9BD09A98C56E53 /* Pods_HarborTouch_Inventory.framework in Frameworks */,
			);
			runOnlyForDeploymentPostprocessing = 0;
		};
		BFA98C151D2D481100F0E9FA /* Frameworks */ = {
			isa = PBXFrameworksBuildPhase;
			buildActionMask = 2147483647;
			files = (
			);
			runOnlyForDeploymentPostprocessing = 0;
		};
		BFA98C201D2D481100F0E9FA /* Frameworks */ = {
			isa = PBXFrameworksBuildPhase;
			buildActionMask = 2147483647;
			files = (
			);
			runOnlyForDeploymentPostprocessing = 0;
		};
/* End PBXFrameworksBuildPhase section */

/* Begin PBXGroup section */
		4643C799B939B17CEF5B5EE3 /* Pods */ = {
			isa = PBXGroup;
			children = (
				EFA1D1D67EB4EBFF618E18C0 /* Pods-HarborTouch Inventory.debug.xcconfig */,
				69B47F0808133FAA0F4BF12C /* Pods-HarborTouch Inventory.release.xcconfig */,
				4A190F94102146C52CB75DC9 /* Pods-HarborTouch InventoryTests.debug.xcconfig */,
				53DD34136500BE0F6E595C6D /* Pods-HarborTouch InventoryTests.release.xcconfig */,
				E3CFCB64551B85EA93B08156 /* Pods-HarborTouch InventoryUITests.debug.xcconfig */,
				B84BA683A850B86EB6409E11 /* Pods-HarborTouch InventoryUITests.release.xcconfig */,
			);
			name = Pods;
			sourceTree = "<group>";
		};
		8D7820BD9939ECC759C86F89 /* Frameworks */ = {
			isa = PBXGroup;
			children = (
				BFC8DBCB1D48CE4B00DCAF7D /* Alamofire.framework */,
				BF3E98B11D47B47600F2C1AF /* CoreData.framework */,
				775D6A8CB628093EABC43DB9 /* Pods_HarborTouch_Inventory.framework */,
			);
			name = Frameworks;
			sourceTree = "<group>";
		};
		BF5A01091D4F659200A990C8 /* Class */ = {
			isa = PBXGroup;
			children = (
				BF5A010A1D4F659200A990C8 /* AppDelegate.swift */,
			);
			path = Class;
			sourceTree = "<group>";
		};
		BF5A01161D4F659200A990C8 /* Model */ = {
			isa = PBXGroup;
			children = (
				BF5A01171D4F659200A990C8 /* Entity */,
				BF5A01191D4F659200A990C8 /* Request */,
				BF5A011B1D4F659200A990C8 /* SourceData */,
			);
			path = Model;
			sourceTree = "<group>";
		};
		BF5A01171D4F659200A990C8 /* Entity */ = {
			isa = PBXGroup;
			children = (
				BF5A01181D4F659200A990C8 /* InventoryEntity.swift */,
			);
			path = Entity;
			sourceTree = "<group>";
		};
		BF5A01191D4F659200A990C8 /* Request */ = {
			isa = PBXGroup;
			children = (
				BF5A011A1D4F659200A990C8 /* RequestModel.swift */,
			);
			path = Request;
			sourceTree = "<group>";
		};
		BF5A011B1D4F659200A990C8 /* SourceData */ = {
			isa = PBXGroup;
			children = (
				BF5A011E1D4F659200A990C8 /* StoreData.swift */,
				BF5A011C1D4F659200A990C8 /* CoreDataManager.swift */,
				BF5A011D1D4F659200A990C8 /* InventoryData.swift */,
				BFF8B9F11D51D55500827EF1 /* SourceData.swift */,
				BFF8B9F51D587D2800827EF1 /* AdditionalInventory.swift */,
			);
			path = SourceData;
			sourceTree = "<group>";
		};
		BF5A011F1D4F659200A990C8 /* Resource */ = {
			isa = PBXGroup;
			children = (
				BF5A01201D4F659200A990C8 /* Assets.xcassets */,
				BF5A01211D4F659200A990C8 /* LaunchScreen.storyboard */,
				BF5A01231D4F659200A990C8 /* Main.storyboard */,
			);
			path = Resource;
			sourceTree = "<group>";
		};
		BF5A01251D4F659200A990C8 /* Supporting Files */ = {
			isa = PBXGroup;
			children = (
				BF5A01291D4F659200A990C8 /* Info.plist */,
				BF5A01261D4F659200A990C8 /* Constants.swift */,
				BF5A01271D4F659200A990C8 /* HarbourTouch Inventory.xcdatamodeld */,
			);
			path = "Supporting Files";
			sourceTree = "<group>";
		};
		BF5A012A1D4F659200A990C8 /* View */ = {
			isa = PBXGroup;
			children = (
				BF5A012B1D4F659200A990C8 /* Button */,
				BF5A01301D4F659200A990C8 /* Cell */,
				BF5A01351D4F659200A990C8 /* Extension */,
			);
			path = View;
			sourceTree = "<group>";
		};
		BF5A012B1D4F659200A990C8 /* Button */ = {
			isa = PBXGroup;
			children = (
				BF5A012C1D4F659200A990C8 /* BackButton.swift */,
				BF5A012D1D4F659200A990C8 /* ChoiceButton.swift */,
				BF5A012E1D4F659200A990C8 /* LogoutButton.swift */,
				BF5A012F1D4F659200A990C8 /* QuestionButton.swift */,
			);
			path = Button;
			sourceTree = "<group>";
		};
		BF5A01301D4F659200A990C8 /* Cell */ = {
			isa = PBXGroup;
			children = (
				BF5A01311D4F659200A990C8 /* DepartmentCell.swift */,
				BF5A01321D4F659200A990C8 /* InputCell.swift */,
				BF5A01331D4F659200A990C8 /* InventoryCell.swift */,
				BF5A01341D4F659200A990C8 /* StoreCell.swift */,
				BF5A017B1D50C99400A990C8 /* InventoryDetailsCell.swift */,
			);
			path = Cell;
			sourceTree = "<group>";
		};
		BF5A01351D4F659200A990C8 /* Extension */ = {
			isa = PBXGroup;
			children = (
				BF5A01361D4F659200A990C8 /* UINavigationBarStyle.swift */,
				BF5A01371D4F659200A990C8 /* UISwitchStyle.swift */,
				BF5A01381D4F659200A990C8 /* UITableViewStyle.swift */,
				BFF8B9F31D535B7600827EF1 /* UIBarButtonItemStyle.swift */,
			);
			path = Extension;
			sourceTree = "<group>";
		};
		BF5A01601D4F701700A990C8 /* Controller */ = {
			isa = PBXGroup;
			children = (
				BF5A01611D4F701700A990C8 /* BaseController */,
				BF5A01631D4F701700A990C8 /* DepartmentScreen */,
				BF5A01681D4F701700A990C8 /* InventoryListScreen */,
				BF5A016B1D4F701700A990C8 /* LoginScreen */,
				BF5A016D1D4F701700A990C8 /* MenuScreen */,
				BF5A016F1D4F701700A990C8 /* StoreSetupScreen */,
			);
			name = Controller;
			path = "HarborTouch Inventory/Controller";
			sourceTree = SOURCE_ROOT;
		};
		BF5A01611D4F701700A990C8 /* BaseController */ = {
			isa = PBXGroup;
			children = (
				BF5A01621D4F701700A990C8 /* BaseViewController.swift */,
			);
			path = BaseController;
			sourceTree = "<group>";
		};
		BF5A01631D4F701700A990C8 /* DepartmentScreen */ = {
			isa = PBXGroup;
			children = (
				BF5A01641D4F701700A990C8 /* DepartmentViewController.swift */,
				BF5A01651D4F701700A990C8 /* DetailsViewController.swift */,
				BF5A01661D4F701700A990C8 /* OneResultViewController.swift */,
				BF5A01671D4F701700A990C8 /* SeveralResultsViewController.swift */,
			);
			path = DepartmentScreen;
			sourceTree = "<group>";
		};
		BF5A01681D4F701700A990C8 /* InventoryListScreen */ = {
			isa = PBXGroup;
			children = (
				BF5A01691D4F701700A990C8 /* InventoryDetailsViewController.swift */,
				BF5A016A1D4F701700A990C8 /* InventoryListViewController.swift */,
			);
			path = InventoryListScreen;
			sourceTree = "<group>";
		};
		BF5A016B1D4F701700A990C8 /* LoginScreen */ = {
			isa = PBXGroup;
			children = (
				BF5A016C1D4F701700A990C8 /* LoginViewController.swift */,
			);
			path = LoginScreen;
			sourceTree = "<group>";
		};
		BF5A016D1D4F701700A990C8 /* MenuScreen */ = {
			isa = PBXGroup;
			children = (
				BF5A016E1D4F701700A990C8 /* MenuViewController.swift */,
			);
			path = MenuScreen;
			sourceTree = "<group>";
		};
		BF5A016F1D4F701700A990C8 /* StoreSetupScreen */ = {
			isa = PBXGroup;
			children = (
				BF5A01701D4F701700A990C8 /* StoreSetupViewController.swift */,
			);
			path = StoreSetupScreen;
			sourceTree = "<group>";
		};
		BFA98BFB1D2D481100F0E9FA = {
			isa = PBXGroup;
			children = (
				BFA98C061D2D481100F0E9FA /* HarborTouch Inventory */,
				BFA98C051D2D481100F0E9FA /* Products */,
				4643C799B939B17CEF5B5EE3 /* Pods */,
				8D7820BD9939ECC759C86F89 /* Frameworks */,
			);
			sourceTree = "<group>";
		};
		BFA98C051D2D481100F0E9FA /* Products */ = {
			isa = PBXGroup;
			children = (
				BFA98C041D2D481100F0E9FA /* HarborTouch Inventory.app */,
				BFA98C181D2D481100F0E9FA /* HarborTouch InventoryTests.xctest */,
				BFA98C231D2D481100F0E9FA /* HarborTouch InventoryUITests.xctest */,
			);
			name = Products;
			sourceTree = "<group>";
		};
		BFA98C061D2D481100F0E9FA /* HarborTouch Inventory */ = {
			isa = PBXGroup;
			children = (
				BF5A01091D4F659200A990C8 /* Class */,
				BF5A01161D4F659200A990C8 /* Model */,
				BF5A012A1D4F659200A990C8 /* View */,
				BF5A01601D4F701700A990C8 /* Controller */,
				BF5A011F1D4F659200A990C8 /* Resource */,
				BF5A01251D4F659200A990C8 /* Supporting Files */,
			);
			path = "HarborTouch Inventory";
			sourceTree = "<group>";
		};
/* End PBXGroup section */

/* Begin PBXNativeTarget section */
		BFA98C031D2D481100F0E9FA /* HarborTouch Inventory */ = {
			isa = PBXNativeTarget;
			buildConfigurationList = BFA98C2C1D2D481100F0E9FA /* Build configuration list for PBXNativeTarget "HarborTouch Inventory" */;
			buildPhases = (
				0EB1AB15CD64443272F85746 /* [CP] Check Pods Manifest.lock */,
				BFA98C001D2D481100F0E9FA /* Sources */,
				BFA98C011D2D481100F0E9FA /* Frameworks */,
				BFA98C021D2D481100F0E9FA /* Resources */,
				36376DAB034C5C41FFE1C83A /* [CP] Embed Pods Frameworks */,
				D5A3AEC63CDEF49BBA2FE4DE /* [CP] Copy Pods Resources */,
			);
			buildRules = (
			);
			dependencies = (
			);
			name = "HarborTouch Inventory";
			productName = "HarborTouch Inventory";
			productReference = BFA98C041D2D481100F0E9FA /* HarborTouch Inventory.app */;
			productType = "com.apple.product-type.application";
		};
		BFA98C171D2D481100F0E9FA /* HarborTouch InventoryTests */ = {
			isa = PBXNativeTarget;
			buildConfigurationList = BFA98C2F1D2D481100F0E9FA /* Build configuration list for PBXNativeTarget "HarborTouch InventoryTests" */;
			buildPhases = (
				3F40D63E0F53443C36535438 /* [CP] Check Pods Manifest.lock */,
				BFA98C141D2D481100F0E9FA /* Sources */,
				BFA98C151D2D481100F0E9FA /* Frameworks */,
				BFA98C161D2D481100F0E9FA /* Resources */,
				7CC1A5BCAD16B3BB548DA5AE /* [CP] Embed Pods Frameworks */,
				0D83DCF0F5D3B2AF31F46796 /* [CP] Copy Pods Resources */,
			);
			buildRules = (
			);
			dependencies = (
				BFA98C1A1D2D481100F0E9FA /* PBXTargetDependency */,
			);
			name = "HarborTouch InventoryTests";
			productName = "HarborTouch InventoryTests";
			productReference = BFA98C181D2D481100F0E9FA /* HarborTouch InventoryTests.xctest */;
			productType = "com.apple.product-type.bundle.unit-test";
		};
		BFA98C221D2D481100F0E9FA /* HarborTouch InventoryUITests */ = {
			isa = PBXNativeTarget;
			buildConfigurationList = BFA98C321D2D481100F0E9FA /* Build configuration list for PBXNativeTarget "HarborTouch InventoryUITests" */;
			buildPhases = (
				5F21D9C63CDE233B955E79B9 /* [CP] Check Pods Manifest.lock */,
				BFA98C1F1D2D481100F0E9FA /* Sources */,
				BFA98C201D2D481100F0E9FA /* Frameworks */,
				BFA98C211D2D481100F0E9FA /* Resources */,
				2BF94F36E72AA058A4D3497B /* [CP] Copy Pods Resources */,
			);
			buildRules = (
			);
			dependencies = (
				BFA98C251D2D481100F0E9FA /* PBXTargetDependency */,
			);
			name = "HarborTouch InventoryUITests";
			productName = "HarborTouch InventoryUITests";
			productReference = BFA98C231D2D481100F0E9FA /* HarborTouch InventoryUITests.xctest */;
			productType = "com.apple.product-type.bundle.ui-testing";
		};
/* End PBXNativeTarget section */

/* Begin PBXProject section */
		BFA98BFC1D2D481100F0E9FA /* Project object */ = {
			isa = PBXProject;
			attributes = {
				LastSwiftUpdateCheck = 0730;
				LastUpgradeCheck = 0730;
				ORGANIZATIONNAME = "Bazyleva, Olga";
				TargetAttributes = {
					BFA98C031D2D481100F0E9FA = {
						CreatedOnToolsVersion = 7.3.1;
					};
					BFA98C171D2D481100F0E9FA = {
						CreatedOnToolsVersion = 7.3.1;
						TestTargetID = BFA98C031D2D481100F0E9FA;
					};
					BFA98C221D2D481100F0E9FA = {
						CreatedOnToolsVersion = 7.3.1;
						TestTargetID = BFA98C031D2D481100F0E9FA;
					};
				};
			};
			buildConfigurationList = BFA98BFF1D2D481100F0E9FA /* Build configuration list for PBXProject "HarborTouch Inventory" */;
			compatibilityVersion = "Xcode 3.2";
			developmentRegion = English;
			hasScannedForEncodings = 0;
			knownRegions = (
				en,
				Base,
			);
			mainGroup = BFA98BFB1D2D481100F0E9FA;
			productRefGroup = BFA98C051D2D481100F0E9FA /* Products */;
			projectDirPath = "";
			projectRoot = "";
			targets = (
				BFA98C031D2D481100F0E9FA /* HarborTouch Inventory */,
				BFA98C171D2D481100F0E9FA /* HarborTouch InventoryTests */,
				BFA98C221D2D481100F0E9FA /* HarborTouch InventoryUITests */,
			);
		};
/* End PBXProject section */

/* Begin PBXResourcesBuildPhase section */
		BFA98C021D2D481100F0E9FA /* Resources */ = {
			isa = PBXResourcesBuildPhase;
			buildActionMask = 2147483647;
			files = (
				BF5A01491D4F659200A990C8 /* Assets.xcassets in Resources */,
				BF5A014B1D4F659200A990C8 /* Main.storyboard in Resources */,
				BF5A014A1D4F659200A990C8 /* LaunchScreen.storyboard in Resources */,
			);
			runOnlyForDeploymentPostprocessing = 0;
		};
		BFA98C161D2D481100F0E9FA /* Resources */ = {
			isa = PBXResourcesBuildPhase;
			buildActionMask = 2147483647;
			files = (
			);
			runOnlyForDeploymentPostprocessing = 0;
		};
		BFA98C211D2D481100F0E9FA /* Resources */ = {
			isa = PBXResourcesBuildPhase;
			buildActionMask = 2147483647;
			files = (
			);
			runOnlyForDeploymentPostprocessing = 0;
		};
/* End PBXResourcesBuildPhase section */

/* Begin PBXShellScriptBuildPhase section */
		0D83DCF0F5D3B2AF31F46796 /* [CP] Copy Pods Resources */ = {
			isa = PBXShellScriptBuildPhase;
			buildActionMask = 2147483647;
			files = (
			);
			inputPaths = (
			);
			name = "[CP] Copy Pods Resources";
			outputPaths = (
			);
			runOnlyForDeploymentPostprocessing = 0;
			shellPath = /bin/sh;
			shellScript = "\"${SRCROOT}/Pods/Target Support Files/Pods-HarborTouch InventoryTests/Pods-HarborTouch InventoryTests-resources.sh\"\n";
			showEnvVarsInLog = 0;
		};
		0EB1AB15CD64443272F85746 /* [CP] Check Pods Manifest.lock */ = {
			isa = PBXShellScriptBuildPhase;
			buildActionMask = 2147483647;
			files = (
			);
			inputPaths = (
			);
			name = "[CP] Check Pods Manifest.lock";
			outputPaths = (
			);
			runOnlyForDeploymentPostprocessing = 0;
			shellPath = /bin/sh;
			shellScript = "diff \"${PODS_ROOT}/../Podfile.lock\" \"${PODS_ROOT}/Manifest.lock\" > /dev/null\nif [[ $? != 0 ]] ; then\n    cat << EOM\nerror: The sandbox is not in sync with the Podfile.lock. Run 'pod install' or update your CocoaPods installation.\nEOM\n    exit 1\nfi\n";
			showEnvVarsInLog = 0;
		};
		2BF94F36E72AA058A4D3497B /* [CP] Copy Pods Resources */ = {
			isa = PBXShellScriptBuildPhase;
			buildActionMask = 2147483647;
			files = (
			);
			inputPaths = (
			);
			name = "[CP] Copy Pods Resources";
			outputPaths = (
			);
			runOnlyForDeploymentPostprocessing = 0;
			shellPath = /bin/sh;
			shellScript = "\"${SRCROOT}/Pods/Target Support Files/Pods-HarborTouch InventoryUITests/Pods-HarborTouch InventoryUITests-resources.sh\"\n";
			showEnvVarsInLog = 0;
		};
		36376DAB034C5C41FFE1C83A /* [CP] Embed Pods Frameworks */ = {
			isa = PBXShellScriptBuildPhase;
			buildActionMask = 2147483647;
			files = (
			);
			inputPaths = (
			);
			name = "[CP] Embed Pods Frameworks";
			outputPaths = (
			);
			runOnlyForDeploymentPostprocessing = 0;
			shellPath = /bin/sh;
			shellScript = "\"${SRCROOT}/Pods/Target Support Files/Pods-HarborTouch Inventory/Pods-HarborTouch Inventory-frameworks.sh\"\n";
			showEnvVarsInLog = 0;
		};
		3F40D63E0F53443C36535438 /* [CP] Check Pods Manifest.lock */ = {
			isa = PBXShellScriptBuildPhase;
			buildActionMask = 2147483647;
			files = (
			);
			inputPaths = (
			);
			name = "[CP] Check Pods Manifest.lock";
			outputPaths = (
			);
			runOnlyForDeploymentPostprocessing = 0;
			shellPath = /bin/sh;
			shellScript = "diff \"${PODS_ROOT}/../Podfile.lock\" \"${PODS_ROOT}/Manifest.lock\" > /dev/null\nif [[ $? != 0 ]] ; then\n    cat << EOM\nerror: The sandbox is not in sync with the Podfile.lock. Run 'pod install' or update your CocoaPods installation.\nEOM\n    exit 1\nfi\n";
			showEnvVarsInLog = 0;
		};
		5F21D9C63CDE233B955E79B9 /* [CP] Check Pods Manifest.lock */ = {
			isa = PBXShellScriptBuildPhase;
			buildActionMask = 2147483647;
			files = (
			);
			inputPaths = (
			);
			name = "[CP] Check Pods Manifest.lock";
			outputPaths = (
			);
			runOnlyForDeploymentPostprocessing = 0;
			shellPath = /bin/sh;
			shellScript = "diff \"${PODS_ROOT}/../Podfile.lock\" \"${PODS_ROOT}/Manifest.lock\" > /dev/null\nif [[ $? != 0 ]] ; then\n    cat << EOM\nerror: The sandbox is not in sync with the Podfile.lock. Run 'pod install' or update your CocoaPods installation.\nEOM\n    exit 1\nfi\n";
			showEnvVarsInLog = 0;
		};
		7CC1A5BCAD16B3BB548DA5AE /* [CP] Embed Pods Frameworks */ = {
			isa = PBXShellScriptBuildPhase;
			buildActionMask = 2147483647;
			files = (
			);
			inputPaths = (
			);
			name = "[CP] Embed Pods Frameworks";
			outputPaths = (
			);
			runOnlyForDeploymentPostprocessing = 0;
			shellPath = /bin/sh;
			shellScript = "\"${SRCROOT}/Pods/Target Support Files/Pods-HarborTouch InventoryTests/Pods-HarborTouch InventoryTests-frameworks.sh\"\n";
			showEnvVarsInLog = 0;
		};
		D5A3AEC63CDEF49BBA2FE4DE /* [CP] Copy Pods Resources */ = {
			isa = PBXShellScriptBuildPhase;
			buildActionMask = 2147483647;
			files = (
			);
			inputPaths = (
			);
			name = "[CP] Copy Pods Resources";
			outputPaths = (
			);
			runOnlyForDeploymentPostprocessing = 0;
			shellPath = /bin/sh;
			shellScript = "\"${SRCROOT}/Pods/Target Support Files/Pods-HarborTouch Inventory/Pods-HarborTouch Inventory-resources.sh\"\n";
			showEnvVarsInLog = 0;
		};
/* End PBXShellScriptBuildPhase section */

/* Begin PBXSourcesBuildPhase section */
		BFA98C001D2D481100F0E9FA /* Sources */ = {
			isa = PBXSourcesBuildPhase;
			buildActionMask = 2147483647;
			files = (
				BF5A01781D4F701700A990C8 /* LoginViewController.swift in Sources */,
				BF5A01751D4F701700A990C8 /* SeveralResultsViewController.swift in Sources */,
				BF5A01571D4F659200A990C8 /* UINavigationBarStyle.swift in Sources */,
				BF5A01791D4F701700A990C8 /* MenuViewController.swift in Sources */,
				BFF8B9F41D535B7600827EF1 /* UIBarButtonItemStyle.swift in Sources */,
				BF5A01511D4F659200A990C8 /* LogoutButton.swift in Sources */,
				BF5A01591D4F659200A990C8 /* UITableViewStyle.swift in Sources */,
				BF5A01761D4F701700A990C8 /* InventoryDetailsViewController.swift in Sources */,
				BF5A017A1D4F701700A990C8 /* StoreSetupViewController.swift in Sources */,
				BF5A01731D4F701700A990C8 /* DetailsViewController.swift in Sources */,
				BFF8B9F21D51D55500827EF1 /* SourceData.swift in Sources */,
				BF5A01441D4F659200A990C8 /* InventoryEntity.swift in Sources */,
				BF5A01561D4F659200A990C8 /* StoreCell.swift in Sources */,
				BF5A01711D4F701700A990C8 /* BaseViewController.swift in Sources */,
				BF5A01741D4F701700A990C8 /* OneResultViewController.swift in Sources */,
				BF5A01481D4F659200A990C8 /* StoreData.swift in Sources */,
				BF5A01771D4F701700A990C8 /* InventoryListViewController.swift in Sources */,
				BF5A01521D4F659200A990C8 /* QuestionButton.swift in Sources */,
				BF5A014F1D4F659200A990C8 /* BackButton.swift in Sources */,
				BF5A01471D4F659200A990C8 /* InventoryData.swift in Sources */,
				BFF8B9F61D587D2800827EF1 /* AdditionalInventory.swift in Sources */,
				BF5A01451D4F659200A990C8 /* RequestModel.swift in Sources */,
				BF5A014D1D4F659200A990C8 /* HarbourTouch Inventory.xcdatamodeld in Sources */,
				BF5A01551D4F659200A990C8 /* InventoryCell.swift in Sources */,
				BF5A01541D4F659200A990C8 /* InputCell.swift in Sources */,
				BF5A01461D4F659200A990C8 /* CoreDataManager.swift in Sources */,
				BF5A017C1D50C99400A990C8 /* InventoryDetailsCell.swift in Sources */,
				BF5A01581D4F659200A990C8 /* UISwitchStyle.swift in Sources */,
				BF5A01501D4F659200A990C8 /* ChoiceButton.swift in Sources */,
				BF5A014C1D4F659200A990C8 /* Constants.swift in Sources */,
				BF5A01721D4F701700A990C8 /* DepartmentViewController.swift in Sources */,
				BF5A01391D4F659200A990C8 /* AppDelegate.swift in Sources */,
				BF5A01531D4F659200A990C8 /* DepartmentCell.swift in Sources */,
			);
			runOnlyForDeploymentPostprocessing = 0;
		};
		BFA98C141D2D481100F0E9FA /* Sources */ = {
			isa = PBXSourcesBuildPhase;
			buildActionMask = 2147483647;
			files = (
			);
			runOnlyForDeploymentPostprocessing = 0;
		};
		BFA98C1F1D2D481100F0E9FA /* Sources */ = {
			isa = PBXSourcesBuildPhase;
			buildActionMask = 2147483647;
			files = (
			);
			runOnlyForDeploymentPostprocessing = 0;
		};
/* End PBXSourcesBuildPhase section */

/* Begin PBXTargetDependency section */
		BFA98C1A1D2D481100F0E9FA /* PBXTargetDependency */ = {
			isa = PBXTargetDependency;
			target = BFA98C031D2D481100F0E9FA /* HarborTouch Inventory */;
			targetProxy = BFA98C191D2D481100F0E9FA /* PBXContainerItemProxy */;
		};
		BFA98C251D2D481100F0E9FA /* PBXTargetDependency */ = {
			isa = PBXTargetDependency;
			target = BFA98C031D2D481100F0E9FA /* HarborTouch Inventory */;
			targetProxy = BFA98C241D2D481100F0E9FA /* PBXContainerItemProxy */;
		};
/* End PBXTargetDependency section */

/* Begin PBXVariantGroup section */
		BF5A01211D4F659200A990C8 /* LaunchScreen.storyboard */ = {
			isa = PBXVariantGroup;
			children = (
				BF5A01221D4F659200A990C8 /* Base */,
			);
			name = LaunchScreen.storyboard;
			sourceTree = "<group>";
		};
		BF5A01231D4F659200A990C8 /* Main.storyboard */ = {
			isa = PBXVariantGroup;
			children = (
				BF5A01241D4F659200A990C8 /* Base */,
			);
			name = Main.storyboard;
			sourceTree = "<group>";
		};
/* End PBXVariantGroup section */

/* Begin XCBuildConfiguration section */
		BFA98C2A1D2D481100F0E9FA /* Debug */ = {
			isa = XCBuildConfiguration;
			buildSettings = {
				ALWAYS_SEARCH_USER_PATHS = NO;
				CLANG_ANALYZER_NONNULL = YES;
				CLANG_CXX_LANGUAGE_STANDARD = "gnu++0x";
				CLANG_CXX_LIBRARY = "libc++";
				CLANG_ENABLE_MODULES = YES;
				CLANG_ENABLE_OBJC_ARC = YES;
				CLANG_WARN_BOOL_CONVERSION = YES;
				CLANG_WARN_CONSTANT_CONVERSION = YES;
				CLANG_WARN_DIRECT_OBJC_ISA_USAGE = YES_ERROR;
				CLANG_WARN_EMPTY_BODY = YES;
				CLANG_WARN_ENUM_CONVERSION = YES;
				CLANG_WARN_INT_CONVERSION = YES;
				CLANG_WARN_OBJC_ROOT_CLASS = YES_ERROR;
				CLANG_WARN_UNREACHABLE_CODE = YES;
				CLANG_WARN__DUPLICATE_METHOD_MATCH = YES;
				"CODE_SIGN_IDENTITY[sdk=iphoneos*]" = "iPhone Developer";
				COPY_PHASE_STRIP = NO;
				DEBUG_INFORMATION_FORMAT = dwarf;
				ENABLE_STRICT_OBJC_MSGSEND = YES;
				ENABLE_TESTABILITY = YES;
				GCC_C_LANGUAGE_STANDARD = gnu99;
				GCC_DYNAMIC_NO_PIC = NO;
				GCC_NO_COMMON_BLOCKS = YES;
				GCC_OPTIMIZATION_LEVEL = 0;
				GCC_PREPROCESSOR_DEFINITIONS = (
					"DEBUG=1",
					"$(inherited)",
				);
				GCC_WARN_64_TO_32_BIT_CONVERSION = YES;
				GCC_WARN_ABOUT_RETURN_TYPE = YES_ERROR;
				GCC_WARN_UNDECLARED_SELECTOR = YES;
				GCC_WARN_UNINITIALIZED_AUTOS = YES_AGGRESSIVE;
				GCC_WARN_UNUSED_FUNCTION = YES;
				GCC_WARN_UNUSED_VARIABLE = YES;
				IPHONEOS_DEPLOYMENT_TARGET = 9.3;
				MTL_ENABLE_DEBUG_INFO = YES;
				ONLY_ACTIVE_ARCH = YES;
				SDKROOT = iphoneos;
				SWIFT_OPTIMIZATION_LEVEL = "-Onone";
				TARGETED_DEVICE_FAMILY = "1,2";
			};
			name = Debug;
		};
		BFA98C2B1D2D481100F0E9FA /* Release */ = {
			isa = XCBuildConfiguration;
			buildSettings = {
				ALWAYS_SEARCH_USER_PATHS = NO;
				CLANG_ANALYZER_NONNULL = YES;
				CLANG_CXX_LANGUAGE_STANDARD = "gnu++0x";
				CLANG_CXX_LIBRARY = "libc++";
				CLANG_ENABLE_MODULES = YES;
				CLANG_ENABLE_OBJC_ARC = YES;
				CLANG_WARN_BOOL_CONVERSION = YES;
				CLANG_WARN_CONSTANT_CONVERSION = YES;
				CLANG_WARN_DIRECT_OBJC_ISA_USAGE = YES_ERROR;
				CLANG_WARN_EMPTY_BODY = YES;
				CLANG_WARN_ENUM_CONVERSION = YES;
				CLANG_WARN_INT_CONVERSION = YES;
				CLANG_WARN_OBJC_ROOT_CLASS = YES_ERROR;
				CLANG_WARN_UNREACHABLE_CODE = YES;
				CLANG_WARN__DUPLICATE_METHOD_MATCH = YES;
				"CODE_SIGN_IDENTITY[sdk=iphoneos*]" = "iPhone Developer";
				COPY_PHASE_STRIP = NO;
				DEBUG_INFORMATION_FORMAT = "dwarf-with-dsym";
				ENABLE_NS_ASSERTIONS = NO;
				ENABLE_STRICT_OBJC_MSGSEND = YES;
				GCC_C_LANGUAGE_STANDARD = gnu99;
				GCC_NO_COMMON_BLOCKS = YES;
				GCC_WARN_64_TO_32_BIT_CONVERSION = YES;
				GCC_WARN_ABOUT_RETURN_TYPE = YES_ERROR;
				GCC_WARN_UNDECLARED_SELECTOR = YES;
				GCC_WARN_UNINITIALIZED_AUTOS = YES_AGGRESSIVE;
				GCC_WARN_UNUSED_FUNCTION = YES;
				GCC_WARN_UNUSED_VARIABLE = YES;
				IPHONEOS_DEPLOYMENT_TARGET = 9.3;
				MTL_ENABLE_DEBUG_INFO = NO;
				SDKROOT = iphoneos;
				TARGETED_DEVICE_FAMILY = "1,2";
				VALIDATE_PRODUCT = YES;
			};
			name = Release;
		};
		BFA98C2D1D2D481100F0E9FA /* Debug */ = {
			isa = XCBuildConfiguration;
			baseConfigurationReference = EFA1D1D67EB4EBFF618E18C0 /* Pods-HarborTouch Inventory.debug.xcconfig */;
			buildSettings = {
				ASSETCATALOG_COMPILER_APPICON_NAME = AppIcon;
				INFOPLIST_FILE = "HarborTouch Inventory/Supporting Files/Info.plist";
				LD_RUNPATH_SEARCH_PATHS = "$(inherited) @executable_path/Frameworks";
				PRODUCT_BUNDLE_IDENTIFIER = "i.HarborTouch-Inventory";
				PRODUCT_NAME = "$(TARGET_NAME)";
			};
			name = Debug;
		};
		BFA98C2E1D2D481100F0E9FA /* Release */ = {
			isa = XCBuildConfiguration;
			baseConfigurationReference = 69B47F0808133FAA0F4BF12C /* Pods-HarborTouch Inventory.release.xcconfig */;
			buildSettings = {
				ASSETCATALOG_COMPILER_APPICON_NAME = AppIcon;
				INFOPLIST_FILE = "HarborTouch Inventory/Supporting Files/Info.plist";
				LD_RUNPATH_SEARCH_PATHS = "$(inherited) @executable_path/Frameworks";
				PRODUCT_BUNDLE_IDENTIFIER = "i.HarborTouch-Inventory";
				PRODUCT_NAME = "$(TARGET_NAME)";
			};
			name = Release;
		};
		BFA98C301D2D481100F0E9FA /* Debug */ = {
			isa = XCBuildConfiguration;
			baseConfigurationReference = 4A190F94102146C52CB75DC9 /* Pods-HarborTouch InventoryTests.debug.xcconfig */;
			buildSettings = {
				BUNDLE_LOADER = "$(TEST_HOST)";
				INFOPLIST_FILE = "HarborTouch InventoryTests/Info.plist";
				LD_RUNPATH_SEARCH_PATHS = "$(inherited) @executable_path/Frameworks @loader_path/Frameworks";
				PRODUCT_BUNDLE_IDENTIFIER = "i.HarborTouch-InventoryTests";
				PRODUCT_NAME = "$(TARGET_NAME)";
				TEST_HOST = "$(BUILT_PRODUCTS_DIR)/HarborTouch Inventory.app/HarborTouch Inventory";
			};
			name = Debug;
		};
		BFA98C311D2D481100F0E9FA /* Release */ = {
			isa = XCBuildConfiguration;
			baseConfigurationReference = 53DD34136500BE0F6E595C6D /* Pods-HarborTouch InventoryTests.release.xcconfig */;
			buildSettings = {
				BUNDLE_LOADER = "$(TEST_HOST)";
				INFOPLIST_FILE = "HarborTouch InventoryTests/Info.plist";
				LD_RUNPATH_SEARCH_PATHS = "$(inherited) @executable_path/Frameworks @loader_path/Frameworks";
				PRODUCT_BUNDLE_IDENTIFIER = "i.HarborTouch-InventoryTests";
				PRODUCT_NAME = "$(TARGET_NAME)";
				TEST_HOST = "$(BUILT_PRODUCTS_DIR)/HarborTouch Inventory.app/HarborTouch Inventory";
			};
			name = Release;
		};
		BFA98C331D2D481100F0E9FA /* Debug */ = {
			isa = XCBuildConfiguration;
			baseConfigurationReference = E3CFCB64551B85EA93B08156 /* Pods-HarborTouch InventoryUITests.debug.xcconfig */;
			buildSettings = {
				INFOPLIST_FILE = "HarborTouch InventoryUITests/Info.plist";
				LD_RUNPATH_SEARCH_PATHS = "$(inherited) @executable_path/Frameworks @loader_path/Frameworks";
				PRODUCT_BUNDLE_IDENTIFIER = "i.HarborTouch-InventoryUITests";
				PRODUCT_NAME = "$(TARGET_NAME)";
				TEST_TARGET_NAME = "HarborTouch Inventory";
			};
			name = Debug;
		};
		BFA98C341D2D481100F0E9FA /* Release */ = {
			isa = XCBuildConfiguration;
			baseConfigurationReference = B84BA683A850B86EB6409E11 /* Pods-HarborTouch InventoryUITests.release.xcconfig */;
			buildSettings = {
				INFOPLIST_FILE = "HarborTouch InventoryUITests/Info.plist";
				LD_RUNPATH_SEARCH_PATHS = "$(inherited) @executable_path/Frameworks @loader_path/Frameworks";
				PRODUCT_BUNDLE_IDENTIFIER = "i.HarborTouch-InventoryUITests";
				PRODUCT_NAME = "$(TARGET_NAME)";
				TEST_TARGET_NAME = "HarborTouch Inventory";
			};
			name = Release;
		};
/* End XCBuildConfiguration section */

/* Begin XCConfigurationList section */
		BFA98BFF1D2D481100F0E9FA /* Build configuration list for PBXProject "HarborTouch Inventory" */ = {
			isa = XCConfigurationList;
			buildConfigurations = (
				BFA98C2A1D2D481100F0E9FA /* Debug */,
				BFA98C2B1D2D481100F0E9FA /* Release */,
			);
			defaultConfigurationIsVisible = 0;
			defaultConfigurationName = Release;
		};
		BFA98C2C1D2D481100F0E9FA /* Build configuration list for PBXNativeTarget "HarborTouch Inventory" */ = {
			isa = XCConfigurationList;
			buildConfigurations = (
				BFA98C2D1D2D481100F0E9FA /* Debug */,
				BFA98C2E1D2D481100F0E9FA /* Release */,
			);
			defaultConfigurationIsVisible = 0;
			defaultConfigurationName = Release;
		};
		BFA98C2F1D2D481100F0E9FA /* Build configuration list for PBXNativeTarget "HarborTouch InventoryTests" */ = {
			isa = XCConfigurationList;
			buildConfigurations = (
				BFA98C301D2D481100F0E9FA /* Debug */,
				BFA98C311D2D481100F0E9FA /* Release */,
			);
			defaultConfigurationIsVisible = 0;
			defaultConfigurationName = Release;
		};
		BFA98C321D2D481100F0E9FA /* Build configuration list for PBXNativeTarget "HarborTouch InventoryUITests" */ = {
			isa = XCConfigurationList;
			buildConfigurations = (
				BFA98C331D2D481100F0E9FA /* Debug */,
				BFA98C341D2D481100F0E9FA /* Release */,
			);
			defaultConfigurationIsVisible = 0;
			defaultConfigurationName = Release;
		};
/* End XCConfigurationList section */

/* Begin XCVersionGroup section */
		BF5A01271D4F659200A990C8 /* HarbourTouch Inventory.xcdatamodeld */ = {
			isa = XCVersionGroup;
			children = (
				BF5A01281D4F659200A990C8 /* HarbourTouch Inventory.xcdatamodel */,
			);
			currentVersion = BF5A01281D4F659200A990C8 /* HarbourTouch Inventory.xcdatamodel */;
			path = "HarbourTouch Inventory.xcdatamodeld";
			sourceTree = "<group>";
			versionGroupType = wrapper.xcdatamodel;
		};
/* End XCVersionGroup section */
	};
	rootObject = BFA98BFC1D2D481100F0E9FA /* Project object */;
}
